// !$*UTF8*$!
{
	archiveVersion = 1;
	classes = {
	};
	objectVersion = 50;
	objects = {

/* Begin PBXBuildFile section */
		DD09431222FE186800FEF1AB /* Activity.cpp in Sources */ = {isa = PBXBuildFile; fileRef = DD09431022FE186800FEF1AB /* Activity.cpp */; };
		DD09431322FE186800FEF1AB /* Activity.cpp in Sources */ = {isa = PBXBuildFile; fileRef = DD09431022FE186800FEF1AB /* Activity.cpp */; };
		DD09431622FE193300FEF1AB /* ActivityDB.cpp in Sources */ = {isa = PBXBuildFile; fileRef = DD09431422FE193300FEF1AB /* ActivityDB.cpp */; };
		DD09431722FE193300FEF1AB /* ActivityDB.cpp in Sources */ = {isa = PBXBuildFile; fileRef = DD09431422FE193300FEF1AB /* ActivityDB.cpp */; };
		DD09431A22FE194500FEF1AB /* Condition.cpp in Sources */ = {isa = PBXBuildFile; fileRef = DD09431822FE194500FEF1AB /* Condition.cpp */; };
		DD09431B22FE194500FEF1AB /* Condition.cpp in Sources */ = {isa = PBXBuildFile; fileRef = DD09431822FE194500FEF1AB /* Condition.cpp */; };
		DD09431E22FE195900FEF1AB /* ConditionDB.cpp in Sources */ = {isa = PBXBuildFile; fileRef = DD09431C22FE195900FEF1AB /* ConditionDB.cpp */; };
		DD09431F22FE195900FEF1AB /* ConditionDB.cpp in Sources */ = {isa = PBXBuildFile; fileRef = DD09431C22FE195900FEF1AB /* ConditionDB.cpp */; };
		DD09432222FE197F00FEF1AB /* Skill.cpp in Sources */ = {isa = PBXBuildFile; fileRef = DD09432022FE197F00FEF1AB /* Skill.cpp */; };
		DD09432322FE197F00FEF1AB /* Skill.cpp in Sources */ = {isa = PBXBuildFile; fileRef = DD09432022FE197F00FEF1AB /* Skill.cpp */; };
		DD09432622FE369800FEF1AB /* SkillDB.cpp in Sources */ = {isa = PBXBuildFile; fileRef = DD09432422FE369800FEF1AB /* SkillDB.cpp */; };
		DD09432722FE369800FEF1AB /* SkillDB.cpp in Sources */ = {isa = PBXBuildFile; fileRef = DD09432422FE369800FEF1AB /* SkillDB.cpp */; };
		DD09432A22FEE51100FEF1AB /* Interest.cpp in Sources */ = {isa = PBXBuildFile; fileRef = DD09432822FEE51100FEF1AB /* Interest.cpp */; };
		DD09432B22FEE51100FEF1AB /* Interest.cpp in Sources */ = {isa = PBXBuildFile; fileRef = DD09432822FEE51100FEF1AB /* Interest.cpp */; };
		DD09432E22FF2F6100FEF1AB /* Personality.cpp in Sources */ = {isa = PBXBuildFile; fileRef = DD09432C22FF2F6100FEF1AB /* Personality.cpp */; };
		DD09432F22FF2F6100FEF1AB /* Personality.cpp in Sources */ = {isa = PBXBuildFile; fileRef = DD09432C22FF2F6100FEF1AB /* Personality.cpp */; };
		DD09433722FF5A0800FEF1AB /* InterestsDB.cpp in Sources */ = {isa = PBXBuildFile; fileRef = DD09433522FF5A0800FEF1AB /* InterestsDB.cpp */; };
		DD09433822FF5A0800FEF1AB /* InterestsDB.cpp in Sources */ = {isa = PBXBuildFile; fileRef = DD09433522FF5A0800FEF1AB /* InterestsDB.cpp */; };
		DD09433B2300C33A00FEF1AB /* FurnitureEntity.cpp in Sources */ = {isa = PBXBuildFile; fileRef = DD0943392300C33A00FEF1AB /* FurnitureEntity.cpp */; };
		DD09433C2300C33A00FEF1AB /* FurnitureEntity.cpp in Sources */ = {isa = PBXBuildFile; fileRef = DD0943392300C33A00FEF1AB /* FurnitureEntity.cpp */; };
		DD0F525F2222A767005C08D5 /* Novel.cpp in Sources */ = {isa = PBXBuildFile; fileRef = DD0F525D2222A767005C08D5 /* Novel.cpp */; };
		DD0F52602222A767005C08D5 /* Novel.cpp in Sources */ = {isa = PBXBuildFile; fileRef = DD0F525D2222A767005C08D5 /* Novel.cpp */; };
		DD135B632295D228003BC870 /* CharacterLibrary.cpp in Sources */ = {isa = PBXBuildFile; fileRef = DD135B612295D228003BC870 /* CharacterLibrary.cpp */; };
		DD135B642295D228003BC870 /* CharacterLibrary.cpp in Sources */ = {isa = PBXBuildFile; fileRef = DD135B612295D228003BC870 /* CharacterLibrary.cpp */; };
		DD135B672295D23A003BC870 /* NovelCharacter.cpp in Sources */ = {isa = PBXBuildFile; fileRef = DD135B652295D23A003BC870 /* NovelCharacter.cpp */; };
		DD135B682295D23A003BC870 /* NovelCharacter.cpp in Sources */ = {isa = PBXBuildFile; fileRef = DD135B652295D23A003BC870 /* NovelCharacter.cpp */; };
		DD135B6B2296BFBB003BC870 /* JobInterfaceUI.cpp in Sources */ = {isa = PBXBuildFile; fileRef = DD135B692296BFBB003BC870 /* JobInterfaceUI.cpp */; };
		DD135B6C2296BFBB003BC870 /* JobInterfaceUI.cpp in Sources */ = {isa = PBXBuildFile; fileRef = DD135B692296BFBB003BC870 /* JobInterfaceUI.cpp */; };
		DD135B6F22974070003BC870 /* RoomUI.cpp in Sources */ = {isa = PBXBuildFile; fileRef = DD135B6D22974070003BC870 /* RoomUI.cpp */; };
		DD135B7022974070003BC870 /* RoomUI.cpp in Sources */ = {isa = PBXBuildFile; fileRef = DD135B6D22974070003BC870 /* RoomUI.cpp */; };
		DD135B73229D45A3003BC870 /* InventoryUI.cpp in Sources */ = {isa = PBXBuildFile; fileRef = DD135B71229D45A3003BC870 /* InventoryUI.cpp */; };
		DD135B74229D45A3003BC870 /* InventoryUI.cpp in Sources */ = {isa = PBXBuildFile; fileRef = DD135B71229D45A3003BC870 /* InventoryUI.cpp */; };
		DD15CD0D23F1F8E500CC40C2 /* libminEH.iOS.a in Frameworks */ = {isa = PBXBuildFile; fileRef = DD15CD0C23F1F8C200CC40C2 /* libminEH.iOS.a */; };
		DD15CD0E23F1F8EB00CC40C2 /* minEH.framework in Frameworks */ = {isa = PBXBuildFile; fileRef = DD15CD0A23F1F8C200CC40C2 /* minEH.framework */; };
		DD15CD0F23F1F8EB00CC40C2 /* minEH.framework in Embed Frameworks */ = {isa = PBXBuildFile; fileRef = DD15CD0A23F1F8C200CC40C2 /* minEH.framework */; settings = {ATTRIBUTES = (CodeSignOnCopy, RemoveHeadersOnCopy, ); }; };
		DD189A2B23F1609C00D81302 /* CharacterLibrary.cpp in Sources */ = {isa = PBXBuildFile; fileRef = DD189A0D23F1609C00D81302 /* CharacterLibrary.cpp */; };
		DD189A2C23F1609C00D81302 /* CharacterLibrary.cpp in Sources */ = {isa = PBXBuildFile; fileRef = DD189A0D23F1609C00D81302 /* CharacterLibrary.cpp */; };
		DD189A3323F1609C00D81302 /* Modes.cpp in Sources */ = {isa = PBXBuildFile; fileRef = DD189A1223F1609C00D81302 /* Modes.cpp */; };
		DD189A3423F1609C00D81302 /* Modes.cpp in Sources */ = {isa = PBXBuildFile; fileRef = DD189A1223F1609C00D81302 /* Modes.cpp */; };
		DD189A3923F1609C00D81302 /* GamePause.cpp in Sources */ = {isa = PBXBuildFile; fileRef = DD189A1A23F1609C00D81302 /* GamePause.cpp */; };
		DD189A3A23F1609C00D81302 /* GamePause.cpp in Sources */ = {isa = PBXBuildFile; fileRef = DD189A1A23F1609C00D81302 /* GamePause.cpp */; };
		DD189A3B23F1609C00D81302 /* Misc.cpp in Sources */ = {isa = PBXBuildFile; fileRef = DD189A1C23F1609C00D81302 /* Misc.cpp */; };
		DD189A3C23F1609C00D81302 /* Misc.cpp in Sources */ = {isa = PBXBuildFile; fileRef = DD189A1C23F1609C00D81302 /* Misc.cpp */; };
		DD189A3D23F1609C00D81302 /* Character.cpp in Sources */ = {isa = PBXBuildFile; fileRef = DD189A1D23F1609C00D81302 /* Character.cpp */; };
		DD189A3E23F1609C00D81302 /* Character.cpp in Sources */ = {isa = PBXBuildFile; fileRef = DD189A1D23F1609C00D81302 /* Character.cpp */; };
		DD189A3F23F1609C00D81302 /* Audio.cpp in Sources */ = {isa = PBXBuildFile; fileRef = DD189A1E23F1609C00D81302 /* Audio.cpp */; };
		DD189A4023F1609C00D81302 /* Audio.cpp in Sources */ = {isa = PBXBuildFile; fileRef = DD189A1E23F1609C00D81302 /* Audio.cpp */; };
		DD189A4123F1609C00D81302 /* Novel.cpp in Sources */ = {isa = PBXBuildFile; fileRef = DD189A2123F1609C00D81302 /* Novel.cpp */; };
		DD189A4223F1609C00D81302 /* Novel.cpp in Sources */ = {isa = PBXBuildFile; fileRef = DD189A2123F1609C00D81302 /* Novel.cpp */; };
		DD189A4323F1609C00D81302 /* Dialogue.cpp in Sources */ = {isa = PBXBuildFile; fileRef = DD189A2223F1609C00D81302 /* Dialogue.cpp */; };
		DD189A4423F1609C00D81302 /* Dialogue.cpp in Sources */ = {isa = PBXBuildFile; fileRef = DD189A2223F1609C00D81302 /* Dialogue.cpp */; };
		DD189A4523F1609C00D81302 /* NovelUpdate.cpp in Sources */ = {isa = PBXBuildFile; fileRef = DD189A2423F1609C00D81302 /* NovelUpdate.cpp */; };
		DD189A4623F1609C00D81302 /* NovelUpdate.cpp in Sources */ = {isa = PBXBuildFile; fileRef = DD189A2423F1609C00D81302 /* NovelUpdate.cpp */; };
		DD189A4723F1609C00D81302 /* Background.cpp in Sources */ = {isa = PBXBuildFile; fileRef = DD189A2523F1609C00D81302 /* Background.cpp */; };
		DD189A4823F1609C00D81302 /* Background.cpp in Sources */ = {isa = PBXBuildFile; fileRef = DD189A2523F1609C00D81302 /* Background.cpp */; };
		DD20A34B23FC1C8E005BEE4C /* Brain.cpp in Sources */ = {isa = PBXBuildFile; fileRef = DD20A34923FC1C8E005BEE4C /* Brain.cpp */; };
		DD20A34C23FC1C8E005BEE4C /* Brain.cpp in Sources */ = {isa = PBXBuildFile; fileRef = DD20A34923FC1C8E005BEE4C /* Brain.cpp */; };
		DD20A35623FC845B005BEE4C /* Inventory.cpp in Sources */ = {isa = PBXBuildFile; fileRef = DD20A35423FC845B005BEE4C /* Inventory.cpp */; };
		DD20A35723FC845B005BEE4C /* Inventory.cpp in Sources */ = {isa = PBXBuildFile; fileRef = DD20A35423FC845B005BEE4C /* Inventory.cpp */; };
		DD27A47821FF43490012028E /* Assets.xcassets in Resources */ = {isa = PBXBuildFile; fileRef = DDAB7496215D88450062F8B6 /* Assets.xcassets */; };
		DD36346923F8A1E6001F7061 /* FlowchartUI.cpp in Sources */ = {isa = PBXBuildFile; fileRef = DD36346723F8A1E6001F7061 /* FlowchartUI.cpp */; };
		DD36346A23F8A1E6001F7061 /* FlowchartUI.cpp in Sources */ = {isa = PBXBuildFile; fileRef = DD36346723F8A1E6001F7061 /* FlowchartUI.cpp */; };
		DD3A6E122293396D00222FF5 /* OffsetHelper.cpp in Sources */ = {isa = PBXBuildFile; fileRef = DD3A6E102293396D00222FF5 /* OffsetHelper.cpp */; };
		DD3A6E132293396D00222FF5 /* OffsetHelper.cpp in Sources */ = {isa = PBXBuildFile; fileRef = DD3A6E102293396D00222FF5 /* OffsetHelper.cpp */; };
		DD3A6E142293601A00222FF5 /* Data in Resources */ = {isa = PBXBuildFile; fileRef = DDBCAD30222703B100D6A83A /* Data */; };
		DD40882E22F858BB00F6C2C5 /* ItemEntity.cpp in Sources */ = {isa = PBXBuildFile; fileRef = DD40882C22F858BB00F6C2C5 /* ItemEntity.cpp */; };
		DD40882F22F858BB00F6C2C5 /* ItemEntity.cpp in Sources */ = {isa = PBXBuildFile; fileRef = DD40882C22F858BB00F6C2C5 /* ItemEntity.cpp */; };
		DD40883222F85C1400F6C2C5 /* RoomEntity.cpp in Sources */ = {isa = PBXBuildFile; fileRef = DD40883022F85C1400F6C2C5 /* RoomEntity.cpp */; };
		DD40883322F85C1400F6C2C5 /* RoomEntity.cpp in Sources */ = {isa = PBXBuildFile; fileRef = DD40883022F85C1400F6C2C5 /* RoomEntity.cpp */; };
		DD4EEF2923D3A0DE00CF30B3 /* GroceryUI.cpp in Sources */ = {isa = PBXBuildFile; fileRef = DD4EEF2723D3A0DE00CF30B3 /* GroceryUI.cpp */; };
		DD4EEF2A23D3A0DE00CF30B3 /* GroceryUI.cpp in Sources */ = {isa = PBXBuildFile; fileRef = DD4EEF2723D3A0DE00CF30B3 /* GroceryUI.cpp */; };
		DD4EEF4323D3C8D600CF30B3 /* PlacesInterfaceUI.cpp in Sources */ = {isa = PBXBuildFile; fileRef = DD4EEF4123D3C8D600CF30B3 /* PlacesInterfaceUI.cpp */; };
		DD4EEF4423D3C8D600CF30B3 /* PlacesInterfaceUI.cpp in Sources */ = {isa = PBXBuildFile; fileRef = DD4EEF4123D3C8D600CF30B3 /* PlacesInterfaceUI.cpp */; };
		DD531DB82433EC8900D937AE /* Comp.cpp in Sources */ = {isa = PBXBuildFile; fileRef = DD531DB62433EC8900D937AE /* Comp.cpp */; };
		DD59163923DFA53500C5BE19 /* FNAF.cpp in Sources */ = {isa = PBXBuildFile; fileRef = DD59163723DFA53500C5BE19 /* FNAF.cpp */; };
		DD59163A23DFA53500C5BE19 /* FNAF.cpp in Sources */ = {isa = PBXBuildFile; fileRef = DD59163723DFA53500C5BE19 /* FNAF.cpp */; };
		DD5EADE123040C7200CA0361 /* Static.cpp in Sources */ = {isa = PBXBuildFile; fileRef = DD5EADDF23040C7200CA0361 /* Static.cpp */; };
		DD5EADE223040C7200CA0361 /* Static.cpp in Sources */ = {isa = PBXBuildFile; fileRef = DD5EADDF23040C7200CA0361 /* Static.cpp */; };
		DD5FC2E123E71EA80018D336 /* ContainerEntity.cpp in Sources */ = {isa = PBXBuildFile; fileRef = DD5FC2DF23E71EA80018D336 /* ContainerEntity.cpp */; };
		DD5FC2E223E71EA80018D336 /* ContainerEntity.cpp in Sources */ = {isa = PBXBuildFile; fileRef = DD5FC2DF23E71EA80018D336 /* ContainerEntity.cpp */; };
		DD65CFD82200B0E400CBEF72 /* LaunchScreen.storyboard in Resources */ = {isa = PBXBuildFile; fileRef = DD65CFD72200B0E400CBEF72 /* LaunchScreen.storyboard */; };
		DD684B4A23E3670900A98368 /* ItemDetails.cpp in Sources */ = {isa = PBXBuildFile; fileRef = DD684B4823E3670900A98368 /* ItemDetails.cpp */; };
		DD684B4B23E3670900A98368 /* ItemDetails.cpp in Sources */ = {isa = PBXBuildFile; fileRef = DD684B4823E3670900A98368 /* ItemDetails.cpp */; };
		DD6D5EF323F7E17F006F8F52 /* Body.cpp in Sources */ = {isa = PBXBuildFile; fileRef = DD6D5EF123F7E17F006F8F52 /* Body.cpp */; };
		DD6D5EF423F7E17F006F8F52 /* Body.cpp in Sources */ = {isa = PBXBuildFile; fileRef = DD6D5EF123F7E17F006F8F52 /* Body.cpp */; };
		DD6D5EFD23F7E87F006F8F52 /* NekoBase.cpp in Sources */ = {isa = PBXBuildFile; fileRef = DD6D5EFB23F7E87F006F8F52 /* NekoBase.cpp */; };
		DD6D5EFE23F7E87F006F8F52 /* NekoBase.cpp in Sources */ = {isa = PBXBuildFile; fileRef = DD6D5EFB23F7E87F006F8F52 /* NekoBase.cpp */; };
		DD6D5F0123F7E90C006F8F52 /* AbilityBase.cpp in Sources */ = {isa = PBXBuildFile; fileRef = DD6D5EFF23F7E90C006F8F52 /* AbilityBase.cpp */; };
		DD6D5F0223F7E90C006F8F52 /* AbilityBase.cpp in Sources */ = {isa = PBXBuildFile; fileRef = DD6D5EFF23F7E90C006F8F52 /* AbilityBase.cpp */; };
		DD6D5F0523F7E990006F8F52 /* EventBase.cpp in Sources */ = {isa = PBXBuildFile; fileRef = DD6D5F0323F7E990006F8F52 /* EventBase.cpp */; };
		DD6D5F0623F7E990006F8F52 /* EventBase.cpp in Sources */ = {isa = PBXBuildFile; fileRef = DD6D5F0323F7E990006F8F52 /* EventBase.cpp */; };
		DD6D5F0923F7E9F3006F8F52 /* NekoLibrary.cpp in Sources */ = {isa = PBXBuildFile; fileRef = DD6D5F0723F7E9F3006F8F52 /* NekoLibrary.cpp */; };
		DD6D5F0A23F7E9F3006F8F52 /* NekoLibrary.cpp in Sources */ = {isa = PBXBuildFile; fileRef = DD6D5F0723F7E9F3006F8F52 /* NekoLibrary.cpp */; };
		DD6D5F0D23F7EAB7006F8F52 /* Player.cpp in Sources */ = {isa = PBXBuildFile; fileRef = DD6D5F0B23F7EAB7006F8F52 /* Player.cpp */; };
		DD6D5F0E23F7EAB7006F8F52 /* Player.cpp in Sources */ = {isa = PBXBuildFile; fileRef = DD6D5F0B23F7EAB7006F8F52 /* Player.cpp */; };
		DD6D5F1123F7EB2B006F8F52 /* AbilityDatabaseCollection.cpp in Sources */ = {isa = PBXBuildFile; fileRef = DD6D5F0F23F7EB2B006F8F52 /* AbilityDatabaseCollection.cpp */; };
		DD6D5F1223F7EB2B006F8F52 /* AbilityDatabaseCollection.cpp in Sources */ = {isa = PBXBuildFile; fileRef = DD6D5F0F23F7EB2B006F8F52 /* AbilityDatabaseCollection.cpp */; };
		DD6D5F1523F7EB43006F8F52 /* NekoDatabaseCollection.cpp in Sources */ = {isa = PBXBuildFile; fileRef = DD6D5F1323F7EB43006F8F52 /* NekoDatabaseCollection.cpp */; };
		DD6D5F1623F7EB43006F8F52 /* NekoDatabaseCollection.cpp in Sources */ = {isa = PBXBuildFile; fileRef = DD6D5F1323F7EB43006F8F52 /* NekoDatabaseCollection.cpp */; };
		DD6D5F1923F7EBA5006F8F52 /* NekoNinjaSettings.cpp in Sources */ = {isa = PBXBuildFile; fileRef = DD6D5F1723F7EBA5006F8F52 /* NekoNinjaSettings.cpp */; };
		DD6D5F1A23F7EBA5006F8F52 /* NekoNinjaSettings.cpp in Sources */ = {isa = PBXBuildFile; fileRef = DD6D5F1723F7EBA5006F8F52 /* NekoNinjaSettings.cpp */; };
		DD6D5F1D23F7EBC9006F8F52 /* NekoNinja.cpp in Sources */ = {isa = PBXBuildFile; fileRef = DD6D5F1B23F7EBC9006F8F52 /* NekoNinja.cpp */; };
		DD6D5F1E23F7EBC9006F8F52 /* NekoNinja.cpp in Sources */ = {isa = PBXBuildFile; fileRef = DD6D5F1B23F7EBC9006F8F52 /* NekoNinja.cpp */; };
		DD6D5F2123F7EC04006F8F52 /* GameplayEffects.cpp in Sources */ = {isa = PBXBuildFile; fileRef = DD6D5F1F23F7EC04006F8F52 /* GameplayEffects.cpp */; };
		DD6D5F2223F7EC04006F8F52 /* GameplayEffects.cpp in Sources */ = {isa = PBXBuildFile; fileRef = DD6D5F1F23F7EC04006F8F52 /* GameplayEffects.cpp */; };
		DD6D5F2523F7ED2B006F8F52 /* EventDatabaseCollection.cpp in Sources */ = {isa = PBXBuildFile; fileRef = DD6D5F2323F7ED2B006F8F52 /* EventDatabaseCollection.cpp */; };
		DD6D5F2623F7ED2B006F8F52 /* EventDatabaseCollection.cpp in Sources */ = {isa = PBXBuildFile; fileRef = DD6D5F2323F7ED2B006F8F52 /* EventDatabaseCollection.cpp */; };
		DD6D5F2923F7EDF6006F8F52 /* EventAlert.cpp in Sources */ = {isa = PBXBuildFile; fileRef = DD6D5F2723F7EDF6006F8F52 /* EventAlert.cpp */; };
		DD6D5F2A23F7EDF6006F8F52 /* EventAlert.cpp in Sources */ = {isa = PBXBuildFile; fileRef = DD6D5F2723F7EDF6006F8F52 /* EventAlert.cpp */; };
		DD7E7DEE23F5BC5F00BC8CDC /* Choice.cpp in Sources */ = {isa = PBXBuildFile; fileRef = DD7E7DEC23F5BC5F00BC8CDC /* Choice.cpp */; };
		DD7E7DEF23F5BC5F00BC8CDC /* Choice.cpp in Sources */ = {isa = PBXBuildFile; fileRef = DD7E7DEC23F5BC5F00BC8CDC /* Choice.cpp */; };
		DD7E7DFB23F5C0D800BC8CDC /* Persona.cpp in Sources */ = {isa = PBXBuildFile; fileRef = DD7E7DF923F5C0D800BC8CDC /* Persona.cpp */; };
		DD7E7DFC23F5C0D800BC8CDC /* Persona.cpp in Sources */ = {isa = PBXBuildFile; fileRef = DD7E7DF923F5C0D800BC8CDC /* Persona.cpp */; };
		DD9F796123DC333000D0E10C /* StrangeShopkeeperUI.cpp in Sources */ = {isa = PBXBuildFile; fileRef = DD9F795F23DC333000D0E10C /* StrangeShopkeeperUI.cpp */; };
		DD9F796223DC333000D0E10C /* StrangeShopkeeperUI.cpp in Sources */ = {isa = PBXBuildFile; fileRef = DD9F795F23DC333000D0E10C /* StrangeShopkeeperUI.cpp */; };
		DDAB7472215D88050062F8B6 /* main.cpp in Sources */ = {isa = PBXBuildFile; fileRef = DDAB7471215D88050062F8B6 /* main.cpp */; };
		DDAB7497215D88450062F8B6 /* Assets.xcassets in Resources */ = {isa = PBXBuildFile; fileRef = DDAB7496215D88450062F8B6 /* Assets.xcassets */; };
		DDAB74A1215D89CD0062F8B6 /* main.cpp in Sources */ = {isa = PBXBuildFile; fileRef = DDAB7471215D88050062F8B6 /* main.cpp */; };
		DDAB74A9215D89DC0062F8B6 /* libsfml-system-s-d.a in Frameworks */ = {isa = PBXBuildFile; fileRef = DDAB74A3215D89DC0062F8B6 /* libsfml-system-s-d.a */; };
		DDAB74AA215D89DC0062F8B6 /* libsfml-window-s-d.a in Frameworks */ = {isa = PBXBuildFile; fileRef = DDAB74A4215D89DC0062F8B6 /* libsfml-window-s-d.a */; };
		DDAB74AB215D89DC0062F8B6 /* libsfml-graphics-s-d.a in Frameworks */ = {isa = PBXBuildFile; fileRef = DDAB74A5215D89DC0062F8B6 /* libsfml-graphics-s-d.a */; };
		DDAB74AC215D89DC0062F8B6 /* libsfml-network-s-d.a in Frameworks */ = {isa = PBXBuildFile; fileRef = DDAB74A6215D89DC0062F8B6 /* libsfml-network-s-d.a */; };
		DDAB74AD215D89DC0062F8B6 /* libsfml-audio-s-d.a in Frameworks */ = {isa = PBXBuildFile; fileRef = DDAB74A7215D89DC0062F8B6 /* libsfml-audio-s-d.a */; };
		DDAB74AE215D89DC0062F8B6 /* libsfml-main-d.a in Frameworks */ = {isa = PBXBuildFile; fileRef = DDAB74A8215D89DC0062F8B6 /* libsfml-main-d.a */; };
		DDAB74B3215D8A110062F8B6 /* libvorbis.a in Frameworks */ = {isa = PBXBuildFile; fileRef = DDAB74AF215D8A110062F8B6 /* libvorbis.a */; };
		DDAB74B4215D8A110062F8B6 /* libogg.a in Frameworks */ = {isa = PBXBuildFile; fileRef = DDAB74B0215D8A110062F8B6 /* libogg.a */; };
		DDAB74B6215D8A110062F8B6 /* libflac.a in Frameworks */ = {isa = PBXBuildFile; fileRef = DDAB74B2215D8A110062F8B6 /* libflac.a */; };
		DDAB74B8215D8A1E0062F8B6 /* CoreMotion.framework in Frameworks */ = {isa = PBXBuildFile; fileRef = DDAB74B7215D8A1E0062F8B6 /* CoreMotion.framework */; };
		DDAB74BA215D8A250062F8B6 /* OpenAL.framework in Frameworks */ = {isa = PBXBuildFile; fileRef = DDAB74B9215D8A250062F8B6 /* OpenAL.framework */; };
		DDAB74BC215D8A2B0062F8B6 /* Foundation.framework in Frameworks */ = {isa = PBXBuildFile; fileRef = DDAB74BB215D8A2B0062F8B6 /* Foundation.framework */; };
		DDAB74BE215D8A310062F8B6 /* QuartzCore.framework in Frameworks */ = {isa = PBXBuildFile; fileRef = DDAB74BD215D8A310062F8B6 /* QuartzCore.framework */; };
		DDAB74C0215D8A370062F8B6 /* OpenGLES.framework in Frameworks */ = {isa = PBXBuildFile; fileRef = DDAB74BF215D8A370062F8B6 /* OpenGLES.framework */; };
		DDAB74C2215D8A3E0062F8B6 /* UIKit.framework in Frameworks */ = {isa = PBXBuildFile; fileRef = DDAB74C1215D8A3E0062F8B6 /* UIKit.framework */; };
		DDAB74C4215D8A4C0062F8B6 /* libz.tbd in Frameworks */ = {isa = PBXBuildFile; fileRef = DDAB74C3215D8A4C0062F8B6 /* libz.tbd */; };
		DDAB74C6215D8A5A0062F8B6 /* libbz2.tbd in Frameworks */ = {isa = PBXBuildFile; fileRef = DDAB74C5215D8A5A0062F8B6 /* libbz2.tbd */; };
		DDAB74D7215D8EA80062F8B6 /* libfreetype.a in Frameworks */ = {isa = PBXBuildFile; fileRef = DDAB74D6215D8EA80062F8B6 /* libfreetype.a */; };
		DDBCAD31222703B100D6A83A /* Data in Resources */ = {isa = PBXBuildFile; fileRef = DDBCAD30222703B100D6A83A /* Data */; };
		DDD2787F228FF62400EFDABB /* RoomLibrary.cpp in Sources */ = {isa = PBXBuildFile; fileRef = DDD2787D228FF62400EFDABB /* RoomLibrary.cpp */; };
		DDD27880228FF62400EFDABB /* RoomLibrary.cpp in Sources */ = {isa = PBXBuildFile; fileRef = DDD2787D228FF62400EFDABB /* RoomLibrary.cpp */; };
		DDDB6600228F46C700E354CA /* Apartment.cpp in Sources */ = {isa = PBXBuildFile; fileRef = DDDB65FE228F46C700E354CA /* Apartment.cpp */; };
		DDDB6601228F46C700E354CA /* Apartment.cpp in Sources */ = {isa = PBXBuildFile; fileRef = DDDB65FE228F46C700E354CA /* Apartment.cpp */; };
		DDDB6604228F46D700E354CA /* NekoEntity.cpp in Sources */ = {isa = PBXBuildFile; fileRef = DDDB6602228F46D700E354CA /* NekoEntity.cpp */; };
		DDDB6605228F46D700E354CA /* NekoEntity.cpp in Sources */ = {isa = PBXBuildFile; fileRef = DDDB6602228F46D700E354CA /* NekoEntity.cpp */; };
		DDDB6609228F470400E354CA /* NekoInterfaceUI.cpp in Sources */ = {isa = PBXBuildFile; fileRef = DDDB6607228F470400E354CA /* NekoInterfaceUI.cpp */; };
		DDDB660A228F470400E354CA /* NekoInterfaceUI.cpp in Sources */ = {isa = PBXBuildFile; fileRef = DDDB6607228F470400E354CA /* NekoInterfaceUI.cpp */; };
		DDDB660D228F509800E354CA /* Player.cpp in Sources */ = {isa = PBXBuildFile; fileRef = DDDB660B228F509800E354CA /* Player.cpp */; };
		DDDB660E228F509800E354CA /* Player.cpp in Sources */ = {isa = PBXBuildFile; fileRef = DDDB660B228F509800E354CA /* Player.cpp */; };
		DDE0E6CF229D8CEB00991722 /* WardrobeUI.cpp in Sources */ = {isa = PBXBuildFile; fileRef = DDE0E6CD229D8CEB00991722 /* WardrobeUI.cpp */; };
		DDE0E6D0229D8CEB00991722 /* WardrobeUI.cpp in Sources */ = {isa = PBXBuildFile; fileRef = DDE0E6CD229D8CEB00991722 /* WardrobeUI.cpp */; };
		DDE0E6D3229DB6E600991722 /* CalendarUI.cpp in Sources */ = {isa = PBXBuildFile; fileRef = DDE0E6D1229DB6E600991722 /* CalendarUI.cpp */; };
		DDE0E6D4229DB6E600991722 /* CalendarUI.cpp in Sources */ = {isa = PBXBuildFile; fileRef = DDE0E6D1229DB6E600991722 /* CalendarUI.cpp */; };
		DDE0E6D7229DB97700991722 /* MapUI.cpp in Sources */ = {isa = PBXBuildFile; fileRef = DDE0E6D5229DB97700991722 /* MapUI.cpp */; };
		DDE0E6D8229DB97700991722 /* MapUI.cpp in Sources */ = {isa = PBXBuildFile; fileRef = DDE0E6D5229DB97700991722 /* MapUI.cpp */; };
		DDE2846622F61E1E00B280A7 /* ItemDetailsUI.cpp in Sources */ = {isa = PBXBuildFile; fileRef = DDE2846422F61E1E00B280A7 /* ItemDetailsUI.cpp */; };
		DDE2846722F61E1E00B280A7 /* ItemDetailsUI.cpp in Sources */ = {isa = PBXBuildFile; fileRef = DDE2846422F61E1E00B280A7 /* ItemDetailsUI.cpp */; };
		DDE3DB7C229295F4004DA2B1 /* Persona.cpp in Sources */ = {isa = PBXBuildFile; fileRef = DDE3DB7A229295F4004DA2B1 /* Persona.cpp */; };
		DDE3DB7D229295F4004DA2B1 /* Persona.cpp in Sources */ = {isa = PBXBuildFile; fileRef = DDE3DB7A229295F4004DA2B1 /* Persona.cpp */; };
		DDE3DB802292979C004DA2B1 /* Item.cpp in Sources */ = {isa = PBXBuildFile; fileRef = DDE3DB7E2292979C004DA2B1 /* Item.cpp */; };
		DDE3DB812292979C004DA2B1 /* Item.cpp in Sources */ = {isa = PBXBuildFile; fileRef = DDE3DB7E2292979C004DA2B1 /* Item.cpp */; };
		DDE3DB84229297D4004DA2B1 /* Items.cpp in Sources */ = {isa = PBXBuildFile; fileRef = DDE3DB82229297D4004DA2B1 /* Items.cpp */; };
		DDE3DB85229297D4004DA2B1 /* Items.cpp in Sources */ = {isa = PBXBuildFile; fileRef = DDE3DB82229297D4004DA2B1 /* Items.cpp */; };
/* End PBXBuildFile section */

/* Begin PBXContainerItemProxy section */
		DD15CD0923F1F8C200CC40C2 /* PBXContainerItemProxy */ = {
			isa = PBXContainerItemProxy;
			containerPortal = DD15CD0423F1F8C200CC40C2 /* minEH.xcodeproj */;
			proxyType = 2;
			remoteGlobalIDString = DD715C6423EEC5BA00A4B734;
			remoteInfo = minEH;
		};
		DD15CD0B23F1F8C200CC40C2 /* PBXContainerItemProxy */ = {
			isa = PBXContainerItemProxy;
			containerPortal = DD15CD0423F1F8C200CC40C2 /* minEH.xcodeproj */;
			proxyType = 2;
			remoteGlobalIDString = DD189A5823F1C93F00D81302;
			remoteInfo = minEH.iOS;
		};
/* End PBXContainerItemProxy section */

/* Begin PBXCopyFilesBuildPhase section */
		DD15CD1023F1F8EB00CC40C2 /* Embed Frameworks */ = {
			isa = PBXCopyFilesBuildPhase;
			buildActionMask = 2147483647;
			dstPath = "";
			dstSubfolderSpec = 10;
			files = (
				DD15CD0F23F1F8EB00CC40C2 /* minEH.framework in Embed Frameworks */,
			);
			name = "Embed Frameworks";
			runOnlyForDeploymentPostprocessing = 0;
		};
/* End PBXCopyFilesBuildPhase section */

/* Begin PBXFileReference section */
		DD09431022FE186800FEF1AB /* Activity.cpp */ = {isa = PBXFileReference; lastKnownFileType = sourcecode.cpp.cpp; path = Activity.cpp; sourceTree = "<group>"; };
		DD09431122FE186800FEF1AB /* Activity.hpp */ = {isa = PBXFileReference; lastKnownFileType = sourcecode.cpp.h; path = Activity.hpp; sourceTree = "<group>"; };
		DD09431422FE193300FEF1AB /* ActivityDB.cpp */ = {isa = PBXFileReference; lastKnownFileType = sourcecode.cpp.cpp; path = ActivityDB.cpp; sourceTree = "<group>"; };
		DD09431522FE193300FEF1AB /* ActivityDB.hpp */ = {isa = PBXFileReference; lastKnownFileType = sourcecode.cpp.h; path = ActivityDB.hpp; sourceTree = "<group>"; };
		DD09431822FE194500FEF1AB /* Condition.cpp */ = {isa = PBXFileReference; lastKnownFileType = sourcecode.cpp.cpp; path = Condition.cpp; sourceTree = "<group>"; };
		DD09431922FE194500FEF1AB /* Condition.hpp */ = {isa = PBXFileReference; lastKnownFileType = sourcecode.cpp.h; path = Condition.hpp; sourceTree = "<group>"; };
		DD09431C22FE195900FEF1AB /* ConditionDB.cpp */ = {isa = PBXFileReference; lastKnownFileType = sourcecode.cpp.cpp; path = ConditionDB.cpp; sourceTree = "<group>"; };
		DD09431D22FE195900FEF1AB /* ConditionDB.hpp */ = {isa = PBXFileReference; lastKnownFileType = sourcecode.cpp.h; path = ConditionDB.hpp; sourceTree = "<group>"; };
		DD09432022FE197F00FEF1AB /* Skill.cpp */ = {isa = PBXFileReference; lastKnownFileType = sourcecode.cpp.cpp; path = Skill.cpp; sourceTree = "<group>"; };
		DD09432122FE197F00FEF1AB /* Skill.hpp */ = {isa = PBXFileReference; lastKnownFileType = sourcecode.cpp.h; path = Skill.hpp; sourceTree = "<group>"; };
		DD09432422FE369800FEF1AB /* SkillDB.cpp */ = {isa = PBXFileReference; lastKnownFileType = sourcecode.cpp.cpp; path = SkillDB.cpp; sourceTree = "<group>"; };
		DD09432522FE369800FEF1AB /* SkillDB.hpp */ = {isa = PBXFileReference; lastKnownFileType = sourcecode.cpp.h; path = SkillDB.hpp; sourceTree = "<group>"; };
		DD09432822FEE51100FEF1AB /* Interest.cpp */ = {isa = PBXFileReference; lastKnownFileType = sourcecode.cpp.cpp; path = Interest.cpp; sourceTree = "<group>"; };
		DD09432922FEE51100FEF1AB /* Interest.hpp */ = {isa = PBXFileReference; lastKnownFileType = sourcecode.cpp.h; path = Interest.hpp; sourceTree = "<group>"; };
		DD09432C22FF2F6100FEF1AB /* Personality.cpp */ = {isa = PBXFileReference; lastKnownFileType = sourcecode.cpp.cpp; path = Personality.cpp; sourceTree = "<group>"; };
		DD09432D22FF2F6100FEF1AB /* Personality.hpp */ = {isa = PBXFileReference; lastKnownFileType = sourcecode.cpp.h; path = Personality.hpp; sourceTree = "<group>"; };
		DD09433522FF5A0800FEF1AB /* InterestsDB.cpp */ = {isa = PBXFileReference; lastKnownFileType = sourcecode.cpp.cpp; path = InterestsDB.cpp; sourceTree = "<group>"; };
		DD09433622FF5A0800FEF1AB /* InterestsDB.hpp */ = {isa = PBXFileReference; lastKnownFileType = sourcecode.cpp.h; path = InterestsDB.hpp; sourceTree = "<group>"; };
		DD0943392300C33A00FEF1AB /* FurnitureEntity.cpp */ = {isa = PBXFileReference; lastKnownFileType = sourcecode.cpp.cpp; path = FurnitureEntity.cpp; sourceTree = "<group>"; };
		DD09433A2300C33A00FEF1AB /* FurnitureEntity.hpp */ = {isa = PBXFileReference; lastKnownFileType = sourcecode.cpp.h; path = FurnitureEntity.hpp; sourceTree = "<group>"; };
		DD0F525D2222A767005C08D5 /* Novel.cpp */ = {isa = PBXFileReference; lastKnownFileType = sourcecode.cpp.cpp; path = Novel.cpp; sourceTree = "<group>"; };
		DD0F525E2222A767005C08D5 /* Novel.hpp */ = {isa = PBXFileReference; lastKnownFileType = sourcecode.cpp.h; path = Novel.hpp; sourceTree = "<group>"; };
		DD135B612295D228003BC870 /* CharacterLibrary.cpp */ = {isa = PBXFileReference; lastKnownFileType = sourcecode.cpp.cpp; path = CharacterLibrary.cpp; sourceTree = "<group>"; };
		DD135B622295D228003BC870 /* CharacterLibrary.hpp */ = {isa = PBXFileReference; lastKnownFileType = sourcecode.cpp.h; path = CharacterLibrary.hpp; sourceTree = "<group>"; };
		DD135B652295D23A003BC870 /* NovelCharacter.cpp */ = {isa = PBXFileReference; lastKnownFileType = sourcecode.cpp.cpp; path = NovelCharacter.cpp; sourceTree = "<group>"; };
		DD135B662295D23A003BC870 /* NovelCharacter.hpp */ = {isa = PBXFileReference; lastKnownFileType = sourcecode.cpp.h; path = NovelCharacter.hpp; sourceTree = "<group>"; };
		DD135B692296BFBB003BC870 /* JobInterfaceUI.cpp */ = {isa = PBXFileReference; lastKnownFileType = sourcecode.cpp.cpp; path = JobInterfaceUI.cpp; sourceTree = "<group>"; };
		DD135B6A2296BFBB003BC870 /* JobInterfaceUI.hpp */ = {isa = PBXFileReference; lastKnownFileType = sourcecode.cpp.h; path = JobInterfaceUI.hpp; sourceTree = "<group>"; };
		DD135B6D22974070003BC870 /* RoomUI.cpp */ = {isa = PBXFileReference; lastKnownFileType = sourcecode.cpp.cpp; path = RoomUI.cpp; sourceTree = "<group>"; };
		DD135B6E22974070003BC870 /* RoomUI.hpp */ = {isa = PBXFileReference; lastKnownFileType = sourcecode.cpp.h; path = RoomUI.hpp; sourceTree = "<group>"; };
		DD135B71229D45A3003BC870 /* InventoryUI.cpp */ = {isa = PBXFileReference; lastKnownFileType = sourcecode.cpp.cpp; path = InventoryUI.cpp; sourceTree = "<group>"; };
		DD135B72229D45A3003BC870 /* InventoryUI.hpp */ = {isa = PBXFileReference; lastKnownFileType = sourcecode.cpp.h; path = InventoryUI.hpp; sourceTree = "<group>"; };
		DD15CD0423F1F8C200CC40C2 /* minEH.xcodeproj */ = {isa = PBXFileReference; lastKnownFileType = "wrapper.pb-project"; name = minEH.xcodeproj; path = ../../Framework/minEH/minEH.xcodeproj; sourceTree = "<group>"; };
		DD189A0C23F1609C00D81302 /* GamePause.hpp */ = {isa = PBXFileReference; fileEncoding = 4; lastKnownFileType = sourcecode.cpp.h; path = GamePause.hpp; sourceTree = "<group>"; };
		DD189A0D23F1609C00D81302 /* CharacterLibrary.cpp */ = {isa = PBXFileReference; fileEncoding = 4; lastKnownFileType = sourcecode.cpp.cpp; path = CharacterLibrary.cpp; sourceTree = "<group>"; };
		DD189A1223F1609C00D81302 /* Modes.cpp */ = {isa = PBXFileReference; fileEncoding = 4; lastKnownFileType = sourcecode.cpp.cpp; path = Modes.cpp; sourceTree = "<group>"; };
		DD189A1823F1609C00D81302 /* Modes.hpp */ = {isa = PBXFileReference; fileEncoding = 4; lastKnownFileType = sourcecode.cpp.h; path = Modes.hpp; sourceTree = "<group>"; };
		DD189A1A23F1609C00D81302 /* GamePause.cpp */ = {isa = PBXFileReference; fileEncoding = 4; lastKnownFileType = sourcecode.cpp.cpp; path = GamePause.cpp; sourceTree = "<group>"; };
		DD189A1B23F1609C00D81302 /* CharacterLibrary.hpp */ = {isa = PBXFileReference; fileEncoding = 4; lastKnownFileType = sourcecode.cpp.h; path = CharacterLibrary.hpp; sourceTree = "<group>"; };
		DD189A1C23F1609C00D81302 /* Misc.cpp */ = {isa = PBXFileReference; fileEncoding = 4; lastKnownFileType = sourcecode.cpp.cpp; path = Misc.cpp; sourceTree = "<group>"; };
		DD189A1D23F1609C00D81302 /* Character.cpp */ = {isa = PBXFileReference; fileEncoding = 4; lastKnownFileType = sourcecode.cpp.cpp; path = Character.cpp; sourceTree = "<group>"; };
		DD189A1E23F1609C00D81302 /* Audio.cpp */ = {isa = PBXFileReference; fileEncoding = 4; lastKnownFileType = sourcecode.cpp.cpp; path = Audio.cpp; sourceTree = "<group>"; };
		DD189A1F23F1609C00D81302 /* Background.hpp */ = {isa = PBXFileReference; fileEncoding = 4; lastKnownFileType = sourcecode.cpp.h; path = Background.hpp; sourceTree = "<group>"; };
		DD189A2123F1609C00D81302 /* Novel.cpp */ = {isa = PBXFileReference; fileEncoding = 4; lastKnownFileType = sourcecode.cpp.cpp; path = Novel.cpp; sourceTree = "<group>"; };
		DD189A2223F1609C00D81302 /* Dialogue.cpp */ = {isa = PBXFileReference; fileEncoding = 4; lastKnownFileType = sourcecode.cpp.cpp; path = Dialogue.cpp; sourceTree = "<group>"; };
		DD189A2323F1609C00D81302 /* Character.hpp */ = {isa = PBXFileReference; fileEncoding = 4; lastKnownFileType = sourcecode.cpp.h; path = Character.hpp; sourceTree = "<group>"; };
		DD189A2423F1609C00D81302 /* NovelUpdate.cpp */ = {isa = PBXFileReference; fileEncoding = 4; lastKnownFileType = sourcecode.cpp.cpp; path = NovelUpdate.cpp; sourceTree = "<group>"; };
		DD189A2523F1609C00D81302 /* Background.cpp */ = {isa = PBXFileReference; fileEncoding = 4; lastKnownFileType = sourcecode.cpp.cpp; path = Background.cpp; sourceTree = "<group>"; };
		DD189A2623F1609C00D81302 /* Audio.hpp */ = {isa = PBXFileReference; fileEncoding = 4; lastKnownFileType = sourcecode.cpp.h; path = Audio.hpp; sourceTree = "<group>"; };
		DD189A2823F1609C00D81302 /* Novel.hpp */ = {isa = PBXFileReference; fileEncoding = 4; lastKnownFileType = sourcecode.cpp.h; path = Novel.hpp; sourceTree = "<group>"; };
		DD189A2923F1609C00D81302 /* Dialogue.hpp */ = {isa = PBXFileReference; fileEncoding = 4; lastKnownFileType = sourcecode.cpp.h; path = Dialogue.hpp; sourceTree = "<group>"; };
		DD189A2A23F1609C00D81302 /* Misc.hpp */ = {isa = PBXFileReference; fileEncoding = 4; lastKnownFileType = sourcecode.cpp.h; path = Misc.hpp; sourceTree = "<group>"; };
		DD20A34923FC1C8E005BEE4C /* Brain.cpp */ = {isa = PBXFileReference; lastKnownFileType = sourcecode.cpp.cpp; path = Brain.cpp; sourceTree = "<group>"; };
		DD20A34A23FC1C8E005BEE4C /* Brain.hpp */ = {isa = PBXFileReference; lastKnownFileType = sourcecode.cpp.h; path = Brain.hpp; sourceTree = "<group>"; };
		DD20A35423FC845B005BEE4C /* Inventory.cpp */ = {isa = PBXFileReference; lastKnownFileType = sourcecode.cpp.cpp; path = Inventory.cpp; sourceTree = "<group>"; };
		DD20A35523FC845B005BEE4C /* Inventory.hpp */ = {isa = PBXFileReference; lastKnownFileType = sourcecode.cpp.h; path = Inventory.hpp; sourceTree = "<group>"; };
		DD36346723F8A1E6001F7061 /* FlowchartUI.cpp */ = {isa = PBXFileReference; lastKnownFileType = sourcecode.cpp.cpp; path = FlowchartUI.cpp; sourceTree = "<group>"; };
		DD36346823F8A1E6001F7061 /* FlowchartUI.hpp */ = {isa = PBXFileReference; lastKnownFileType = sourcecode.cpp.h; path = FlowchartUI.hpp; sourceTree = "<group>"; };
		DD3A6E102293396D00222FF5 /* OffsetHelper.cpp */ = {isa = PBXFileReference; lastKnownFileType = sourcecode.cpp.cpp; path = OffsetHelper.cpp; sourceTree = "<group>"; };
		DD3A6E112293396D00222FF5 /* OffsetHelper.hpp */ = {isa = PBXFileReference; lastKnownFileType = sourcecode.cpp.h; path = OffsetHelper.hpp; sourceTree = "<group>"; };
		DD40882C22F858BB00F6C2C5 /* ItemEntity.cpp */ = {isa = PBXFileReference; lastKnownFileType = sourcecode.cpp.cpp; path = ItemEntity.cpp; sourceTree = "<group>"; };
		DD40882D22F858BB00F6C2C5 /* ItemEntity.hpp */ = {isa = PBXFileReference; lastKnownFileType = sourcecode.cpp.h; path = ItemEntity.hpp; sourceTree = "<group>"; };
		DD40883022F85C1400F6C2C5 /* RoomEntity.cpp */ = {isa = PBXFileReference; lastKnownFileType = sourcecode.cpp.cpp; path = RoomEntity.cpp; sourceTree = "<group>"; };
		DD40883122F85C1400F6C2C5 /* RoomEntity.hpp */ = {isa = PBXFileReference; lastKnownFileType = sourcecode.cpp.h; path = RoomEntity.hpp; sourceTree = "<group>"; };
		DD4EEF2723D3A0DE00CF30B3 /* GroceryUI.cpp */ = {isa = PBXFileReference; lastKnownFileType = sourcecode.cpp.cpp; path = GroceryUI.cpp; sourceTree = "<group>"; };
		DD4EEF2823D3A0DE00CF30B3 /* GroceryUI.hpp */ = {isa = PBXFileReference; lastKnownFileType = sourcecode.cpp.h; path = GroceryUI.hpp; sourceTree = "<group>"; };
		DD4EEF4123D3C8D600CF30B3 /* PlacesInterfaceUI.cpp */ = {isa = PBXFileReference; lastKnownFileType = sourcecode.cpp.cpp; path = PlacesInterfaceUI.cpp; sourceTree = "<group>"; };
		DD4EEF4223D3C8D600CF30B3 /* PlacesInterfaceUI.hpp */ = {isa = PBXFileReference; lastKnownFileType = sourcecode.cpp.h; path = PlacesInterfaceUI.hpp; sourceTree = "<group>"; };
		DD531DB62433EC8900D937AE /* Comp.cpp */ = {isa = PBXFileReference; lastKnownFileType = sourcecode.cpp.cpp; path = Comp.cpp; sourceTree = "<group>"; };
		DD531DB72433EC8900D937AE /* Comp.hpp */ = {isa = PBXFileReference; lastKnownFileType = sourcecode.cpp.h; path = Comp.hpp; sourceTree = "<group>"; };
		DD59163223DC9F0300C5BE19 /* minEH.hpp */ = {isa = PBXFileReference; lastKnownFileType = sourcecode.cpp.h; path = minEH.hpp; sourceTree = "<group>"; };
		DD59163723DFA53500C5BE19 /* FNAF.cpp */ = {isa = PBXFileReference; lastKnownFileType = sourcecode.cpp.cpp; path = FNAF.cpp; sourceTree = "<group>"; };
		DD59163823DFA53500C5BE19 /* FNAF.hpp */ = {isa = PBXFileReference; lastKnownFileType = sourcecode.cpp.h; path = FNAF.hpp; sourceTree = "<group>"; };
		DD5EADDF23040C7200CA0361 /* Static.cpp */ = {isa = PBXFileReference; lastKnownFileType = sourcecode.cpp.cpp; path = Static.cpp; sourceTree = "<group>"; };
		DD5EADE023040C7200CA0361 /* Static.hpp */ = {isa = PBXFileReference; lastKnownFileType = sourcecode.cpp.h; path = Static.hpp; sourceTree = "<group>"; };
		DD5FC2DF23E71EA80018D336 /* ContainerEntity.cpp */ = {isa = PBXFileReference; lastKnownFileType = sourcecode.cpp.cpp; path = ContainerEntity.cpp; sourceTree = "<group>"; };
		DD5FC2E023E71EA80018D336 /* ContainerEntity.hpp */ = {isa = PBXFileReference; lastKnownFileType = sourcecode.cpp.h; path = ContainerEntity.hpp; sourceTree = "<group>"; };
		DD65CFD72200B0E400CBEF72 /* LaunchScreen.storyboard */ = {isa = PBXFileReference; lastKnownFileType = file.storyboard; path = LaunchScreen.storyboard; sourceTree = "<group>"; };
		DD684B4823E3670900A98368 /* ItemDetails.cpp */ = {isa = PBXFileReference; lastKnownFileType = sourcecode.cpp.cpp; path = ItemDetails.cpp; sourceTree = "<group>"; };
		DD684B4923E3670900A98368 /* ItemDetails.hpp */ = {isa = PBXFileReference; lastKnownFileType = sourcecode.cpp.h; path = ItemDetails.hpp; sourceTree = "<group>"; };
		DD6D5EF123F7E17F006F8F52 /* Body.cpp */ = {isa = PBXFileReference; lastKnownFileType = sourcecode.cpp.cpp; path = Body.cpp; sourceTree = "<group>"; };
		DD6D5EF223F7E17F006F8F52 /* Body.hpp */ = {isa = PBXFileReference; lastKnownFileType = sourcecode.cpp.h; path = Body.hpp; sourceTree = "<group>"; };
		DD6D5EFB23F7E87F006F8F52 /* NekoBase.cpp */ = {isa = PBXFileReference; lastKnownFileType = sourcecode.cpp.cpp; path = NekoBase.cpp; sourceTree = "<group>"; };
		DD6D5EFC23F7E87F006F8F52 /* NekoBase.hpp */ = {isa = PBXFileReference; lastKnownFileType = sourcecode.cpp.h; path = NekoBase.hpp; sourceTree = "<group>"; };
		DD6D5EFF23F7E90C006F8F52 /* AbilityBase.cpp */ = {isa = PBXFileReference; lastKnownFileType = sourcecode.cpp.cpp; path = AbilityBase.cpp; sourceTree = "<group>"; };
		DD6D5F0023F7E90C006F8F52 /* AbilityBase.hpp */ = {isa = PBXFileReference; lastKnownFileType = sourcecode.cpp.h; path = AbilityBase.hpp; sourceTree = "<group>"; };
		DD6D5F0323F7E990006F8F52 /* EventBase.cpp */ = {isa = PBXFileReference; lastKnownFileType = sourcecode.cpp.cpp; path = EventBase.cpp; sourceTree = "<group>"; };
		DD6D5F0423F7E990006F8F52 /* EventBase.hpp */ = {isa = PBXFileReference; lastKnownFileType = sourcecode.cpp.h; path = EventBase.hpp; sourceTree = "<group>"; };
		DD6D5F0723F7E9F3006F8F52 /* NekoLibrary.cpp */ = {isa = PBXFileReference; lastKnownFileType = sourcecode.cpp.cpp; path = NekoLibrary.cpp; sourceTree = "<group>"; };
		DD6D5F0823F7E9F3006F8F52 /* NekoLibrary.hpp */ = {isa = PBXFileReference; lastKnownFileType = sourcecode.cpp.h; path = NekoLibrary.hpp; sourceTree = "<group>"; };
		DD6D5F0B23F7EAB7006F8F52 /* Player.cpp */ = {isa = PBXFileReference; lastKnownFileType = sourcecode.cpp.cpp; path = Player.cpp; sourceTree = "<group>"; };
		DD6D5F0C23F7EAB7006F8F52 /* Player.hpp */ = {isa = PBXFileReference; lastKnownFileType = sourcecode.cpp.h; path = Player.hpp; sourceTree = "<group>"; };
		DD6D5F0F23F7EB2B006F8F52 /* AbilityDatabaseCollection.cpp */ = {isa = PBXFileReference; lastKnownFileType = sourcecode.cpp.cpp; path = AbilityDatabaseCollection.cpp; sourceTree = "<group>"; };
		DD6D5F1023F7EB2B006F8F52 /* AbilityDatabaseCollection.hpp */ = {isa = PBXFileReference; lastKnownFileType = sourcecode.cpp.h; path = AbilityDatabaseCollection.hpp; sourceTree = "<group>"; };
		DD6D5F1323F7EB43006F8F52 /* NekoDatabaseCollection.cpp */ = {isa = PBXFileReference; lastKnownFileType = sourcecode.cpp.cpp; path = NekoDatabaseCollection.cpp; sourceTree = "<group>"; };
		DD6D5F1423F7EB43006F8F52 /* NekoDatabaseCollection.hpp */ = {isa = PBXFileReference; lastKnownFileType = sourcecode.cpp.h; path = NekoDatabaseCollection.hpp; sourceTree = "<group>"; };
		DD6D5F1723F7EBA5006F8F52 /* NekoNinjaSettings.cpp */ = {isa = PBXFileReference; lastKnownFileType = sourcecode.cpp.cpp; path = NekoNinjaSettings.cpp; sourceTree = "<group>"; };
		DD6D5F1823F7EBA5006F8F52 /* NekoNinjaSettings.hpp */ = {isa = PBXFileReference; lastKnownFileType = sourcecode.cpp.h; path = NekoNinjaSettings.hpp; sourceTree = "<group>"; };
		DD6D5F1B23F7EBC9006F8F52 /* NekoNinja.cpp */ = {isa = PBXFileReference; lastKnownFileType = sourcecode.cpp.cpp; path = NekoNinja.cpp; sourceTree = "<group>"; };
		DD6D5F1C23F7EBC9006F8F52 /* NekoNinja.hpp */ = {isa = PBXFileReference; lastKnownFileType = sourcecode.cpp.h; path = NekoNinja.hpp; sourceTree = "<group>"; };
		DD6D5F1F23F7EC04006F8F52 /* GameplayEffects.cpp */ = {isa = PBXFileReference; lastKnownFileType = sourcecode.cpp.cpp; path = GameplayEffects.cpp; sourceTree = "<group>"; };
		DD6D5F2023F7EC04006F8F52 /* GameplayEffects.hpp */ = {isa = PBXFileReference; lastKnownFileType = sourcecode.cpp.h; path = GameplayEffects.hpp; sourceTree = "<group>"; };
		DD6D5F2323F7ED2B006F8F52 /* EventDatabaseCollection.cpp */ = {isa = PBXFileReference; lastKnownFileType = sourcecode.cpp.cpp; path = EventDatabaseCollection.cpp; sourceTree = "<group>"; };
		DD6D5F2423F7ED2B006F8F52 /* EventDatabaseCollection.hpp */ = {isa = PBXFileReference; lastKnownFileType = sourcecode.cpp.h; path = EventDatabaseCollection.hpp; sourceTree = "<group>"; };
		DD6D5F2723F7EDF6006F8F52 /* EventAlert.cpp */ = {isa = PBXFileReference; lastKnownFileType = sourcecode.cpp.cpp; path = EventAlert.cpp; sourceTree = "<group>"; };
		DD6D5F2823F7EDF6006F8F52 /* EventAlert.hpp */ = {isa = PBXFileReference; lastKnownFileType = sourcecode.cpp.h; path = EventAlert.hpp; sourceTree = "<group>"; };
		DD7E7DEC23F5BC5F00BC8CDC /* Choice.cpp */ = {isa = PBXFileReference; lastKnownFileType = sourcecode.cpp.cpp; path = Choice.cpp; sourceTree = "<group>"; };
		DD7E7DED23F5BC5F00BC8CDC /* Choice.hpp */ = {isa = PBXFileReference; lastKnownFileType = sourcecode.cpp.h; path = Choice.hpp; sourceTree = "<group>"; };
		DD7E7DF923F5C0D800BC8CDC /* Persona.cpp */ = {isa = PBXFileReference; lastKnownFileType = sourcecode.cpp.cpp; path = Persona.cpp; sourceTree = "<group>"; };
		DD7E7DFA23F5C0D800BC8CDC /* Persona.hpp */ = {isa = PBXFileReference; lastKnownFileType = sourcecode.cpp.h; path = Persona.hpp; sourceTree = "<group>"; };
		DD87E10E237483F500083FB9 /* NekoUI.entitlements */ = {isa = PBXFileReference; lastKnownFileType = text.plist.entitlements; path = NekoUI.entitlements; sourceTree = "<group>"; };
		DD9F795F23DC333000D0E10C /* StrangeShopkeeperUI.cpp */ = {isa = PBXFileReference; lastKnownFileType = sourcecode.cpp.cpp; path = StrangeShopkeeperUI.cpp; sourceTree = "<group>"; };
		DD9F796023DC333000D0E10C /* StrangeShopkeeperUI.hpp */ = {isa = PBXFileReference; lastKnownFileType = sourcecode.cpp.h; path = StrangeShopkeeperUI.hpp; sourceTree = "<group>"; };
		DDAB7469215D88050062F8B6 /* NekoUI.app */ = {isa = PBXFileReference; explicitFileType = wrapper.application; includeInIndex = 0; path = NekoUI.app; sourceTree = BUILT_PRODUCTS_DIR; };
		DDAB746D215D88050062F8B6 /* NekoUI-Info.plist */ = {isa = PBXFileReference; lastKnownFileType = text.plist.xml; path = "NekoUI-Info.plist"; sourceTree = "<group>"; };
		DDAB7471215D88050062F8B6 /* main.cpp */ = {isa = PBXFileReference; lastKnownFileType = sourcecode.cpp.cpp; path = main.cpp; sourceTree = "<group>"; };
		DDAB7485215D88430062F8B6 /* iOS.app */ = {isa = PBXFileReference; explicitFileType = wrapper.application; includeInIndex = 0; path = iOS.app; sourceTree = BUILT_PRODUCTS_DIR; };
		DDAB7496215D88450062F8B6 /* Assets.xcassets */ = {isa = PBXFileReference; lastKnownFileType = folder.assetcatalog; path = Assets.xcassets; sourceTree = "<group>"; };
		DDAB749B215D88450062F8B6 /* Info.plist */ = {isa = PBXFileReference; lastKnownFileType = text.plist.xml; path = Info.plist; sourceTree = "<group>"; };
		DDAB74A3215D89DC0062F8B6 /* libsfml-system-s-d.a */ = {isa = PBXFileReference; lastKnownFileType = archive.ar; name = "libsfml-system-s-d.a"; path = "../../../../Documents/Libraries/SFML/build/ios/lib/Debug/libsfml-system-s-d.a"; sourceTree = "<group>"; };
		DDAB74A4215D89DC0062F8B6 /* libsfml-window-s-d.a */ = {isa = PBXFileReference; lastKnownFileType = archive.ar; name = "libsfml-window-s-d.a"; path = "../../../../Documents/Libraries/SFML/build/ios/lib/Debug/libsfml-window-s-d.a"; sourceTree = "<group>"; };
		DDAB74A5215D89DC0062F8B6 /* libsfml-graphics-s-d.a */ = {isa = PBXFileReference; lastKnownFileType = archive.ar; name = "libsfml-graphics-s-d.a"; path = "../../../../Documents/Libraries/SFML/build/ios/lib/Debug/libsfml-graphics-s-d.a"; sourceTree = "<group>"; };
		DDAB74A6215D89DC0062F8B6 /* libsfml-network-s-d.a */ = {isa = PBXFileReference; lastKnownFileType = archive.ar; name = "libsfml-network-s-d.a"; path = "../../../../Documents/Libraries/SFML/build/ios/lib/Debug/libsfml-network-s-d.a"; sourceTree = "<group>"; };
		DDAB74A7215D89DC0062F8B6 /* libsfml-audio-s-d.a */ = {isa = PBXFileReference; lastKnownFileType = archive.ar; name = "libsfml-audio-s-d.a"; path = "../../../../Documents/Libraries/SFML/build/ios/lib/Debug/libsfml-audio-s-d.a"; sourceTree = "<group>"; };
		DDAB74A8215D89DC0062F8B6 /* libsfml-main-d.a */ = {isa = PBXFileReference; lastKnownFileType = archive.ar; name = "libsfml-main-d.a"; path = "../../../../Documents/Libraries/SFML/build/ios/lib/Debug/libsfml-main-d.a"; sourceTree = "<group>"; };
		DDAB74AF215D8A110062F8B6 /* libvorbis.a */ = {isa = PBXFileReference; lastKnownFileType = archive.ar; name = libvorbis.a; path = "../../../../Documents/Libraries/SFML/extlibs/libs-ios/libvorbis.a"; sourceTree = "<group>"; };
		DDAB74B0215D8A110062F8B6 /* libogg.a */ = {isa = PBXFileReference; lastKnownFileType = archive.ar; name = libogg.a; path = "../../../../Documents/Libraries/SFML/extlibs/libs-ios/libogg.a"; sourceTree = "<group>"; };
		DDAB74B1215D8A110062F8B6 /* libfreetype.a */ = {isa = PBXFileReference; lastKnownFileType = archive.ar; name = libfreetype.a; path = "../../../../Documents/Libraries/SFML/extlibs/libs-ios/libfreetype.a"; sourceTree = "<group>"; };
		DDAB74B2215D8A110062F8B6 /* libflac.a */ = {isa = PBXFileReference; lastKnownFileType = archive.ar; name = libflac.a; path = "../../../../Documents/Libraries/SFML/extlibs/libs-ios/libflac.a"; sourceTree = "<group>"; };
		DDAB74B7215D8A1E0062F8B6 /* CoreMotion.framework */ = {isa = PBXFileReference; lastKnownFileType = wrapper.framework; name = CoreMotion.framework; path = Platforms/iPhoneOS.platform/Developer/SDKs/iPhoneOS12.0.sdk/System/Library/Frameworks/CoreMotion.framework; sourceTree = DEVELOPER_DIR; };
		DDAB74B9215D8A250062F8B6 /* OpenAL.framework */ = {isa = PBXFileReference; lastKnownFileType = wrapper.framework; name = OpenAL.framework; path = Platforms/iPhoneOS.platform/Developer/SDKs/iPhoneOS12.0.sdk/System/Library/Frameworks/OpenAL.framework; sourceTree = DEVELOPER_DIR; };
		DDAB74BB215D8A2B0062F8B6 /* Foundation.framework */ = {isa = PBXFileReference; lastKnownFileType = wrapper.framework; name = Foundation.framework; path = Platforms/iPhoneOS.platform/Developer/SDKs/iPhoneOS12.0.sdk/System/Library/Frameworks/Foundation.framework; sourceTree = DEVELOPER_DIR; };
		DDAB74BD215D8A310062F8B6 /* QuartzCore.framework */ = {isa = PBXFileReference; lastKnownFileType = wrapper.framework; name = QuartzCore.framework; path = Platforms/iPhoneOS.platform/Developer/SDKs/iPhoneOS12.0.sdk/System/Library/Frameworks/QuartzCore.framework; sourceTree = DEVELOPER_DIR; };
		DDAB74BF215D8A370062F8B6 /* OpenGLES.framework */ = {isa = PBXFileReference; lastKnownFileType = wrapper.framework; name = OpenGLES.framework; path = Platforms/iPhoneOS.platform/Developer/SDKs/iPhoneOS12.0.sdk/System/Library/Frameworks/OpenGLES.framework; sourceTree = DEVELOPER_DIR; };
		DDAB74C1215D8A3E0062F8B6 /* UIKit.framework */ = {isa = PBXFileReference; lastKnownFileType = wrapper.framework; name = UIKit.framework; path = Platforms/iPhoneOS.platform/Developer/SDKs/iPhoneOS12.0.sdk/System/Library/Frameworks/UIKit.framework; sourceTree = DEVELOPER_DIR; };
		DDAB74C3215D8A4C0062F8B6 /* libz.tbd */ = {isa = PBXFileReference; lastKnownFileType = "sourcecode.text-based-dylib-definition"; name = libz.tbd; path = Platforms/iPhoneOS.platform/Developer/SDKs/iPhoneOS12.0.sdk/usr/lib/libz.tbd; sourceTree = DEVELOPER_DIR; };
		DDAB74C5215D8A5A0062F8B6 /* libbz2.tbd */ = {isa = PBXFileReference; lastKnownFileType = "sourcecode.text-based-dylib-definition"; name = libbz2.tbd; path = Platforms/iPhoneOS.platform/Developer/SDKs/iPhoneOS12.0.sdk/usr/lib/libbz2.tbd; sourceTree = DEVELOPER_DIR; };
		DDAB74D4215D8D370062F8B6 /* libiconv.tbd */ = {isa = PBXFileReference; lastKnownFileType = "sourcecode.text-based-dylib-definition"; name = libiconv.tbd; path = Platforms/iPhoneOS.platform/Developer/SDKs/iPhoneOS12.0.sdk/usr/lib/libiconv.tbd; sourceTree = DEVELOPER_DIR; };
		DDAB74D6215D8EA80062F8B6 /* libfreetype.a */ = {isa = PBXFileReference; lastKnownFileType = archive.ar; name = libfreetype.a; path = "../../../../Downloads/libfreetype6-dev_2.6.3-3.2_arm64/usr/lib/aarch64-linux-gnu/libfreetype.a"; sourceTree = "<group>"; };
		DDBCAD30222703B100D6A83A /* Data */ = {isa = PBXFileReference; lastKnownFileType = folder; path = Data; sourceTree = "<group>"; };
		DDD2787D228FF62400EFDABB /* RoomLibrary.cpp */ = {isa = PBXFileReference; lastKnownFileType = sourcecode.cpp.cpp; path = RoomLibrary.cpp; sourceTree = "<group>"; };
		DDD2787E228FF62400EFDABB /* RoomLibrary.hpp */ = {isa = PBXFileReference; lastKnownFileType = sourcecode.cpp.h; path = RoomLibrary.hpp; sourceTree = "<group>"; };
		DDDB65FE228F46C700E354CA /* Apartment.cpp */ = {isa = PBXFileReference; lastKnownFileType = sourcecode.cpp.cpp; path = Apartment.cpp; sourceTree = "<group>"; };
		DDDB65FF228F46C700E354CA /* Apartment.hpp */ = {isa = PBXFileReference; lastKnownFileType = sourcecode.cpp.h; path = Apartment.hpp; sourceTree = "<group>"; };
		DDDB6602228F46D700E354CA /* NekoEntity.cpp */ = {isa = PBXFileReference; lastKnownFileType = sourcecode.cpp.cpp; path = NekoEntity.cpp; sourceTree = "<group>"; };
		DDDB6603228F46D700E354CA /* NekoEntity.hpp */ = {isa = PBXFileReference; lastKnownFileType = sourcecode.cpp.h; path = NekoEntity.hpp; sourceTree = "<group>"; };
		DDDB6607228F470400E354CA /* NekoInterfaceUI.cpp */ = {isa = PBXFileReference; lastKnownFileType = sourcecode.cpp.cpp; path = NekoInterfaceUI.cpp; sourceTree = "<group>"; };
		DDDB6608228F470400E354CA /* NekoInterfaceUI.hpp */ = {isa = PBXFileReference; lastKnownFileType = sourcecode.cpp.h; path = NekoInterfaceUI.hpp; sourceTree = "<group>"; };
		DDDB660B228F509800E354CA /* Player.cpp */ = {isa = PBXFileReference; lastKnownFileType = sourcecode.cpp.cpp; path = Player.cpp; sourceTree = "<group>"; };
		DDDB660C228F509800E354CA /* Player.hpp */ = {isa = PBXFileReference; lastKnownFileType = sourcecode.cpp.h; path = Player.hpp; sourceTree = "<group>"; };
		DDE0E6CD229D8CEB00991722 /* WardrobeUI.cpp */ = {isa = PBXFileReference; lastKnownFileType = sourcecode.cpp.cpp; path = WardrobeUI.cpp; sourceTree = "<group>"; };
		DDE0E6CE229D8CEB00991722 /* WardrobeUI.hpp */ = {isa = PBXFileReference; lastKnownFileType = sourcecode.cpp.h; path = WardrobeUI.hpp; sourceTree = "<group>"; };
		DDE0E6D1229DB6E600991722 /* CalendarUI.cpp */ = {isa = PBXFileReference; lastKnownFileType = sourcecode.cpp.cpp; path = CalendarUI.cpp; sourceTree = "<group>"; };
		DDE0E6D2229DB6E600991722 /* CalendarUI.hpp */ = {isa = PBXFileReference; lastKnownFileType = sourcecode.cpp.h; path = CalendarUI.hpp; sourceTree = "<group>"; };
		DDE0E6D5229DB97700991722 /* MapUI.cpp */ = {isa = PBXFileReference; lastKnownFileType = sourcecode.cpp.cpp; path = MapUI.cpp; sourceTree = "<group>"; };
		DDE0E6D6229DB97700991722 /* MapUI.hpp */ = {isa = PBXFileReference; lastKnownFileType = sourcecode.cpp.h; path = MapUI.hpp; sourceTree = "<group>"; };
		DDE2846422F61E1E00B280A7 /* ItemDetailsUI.cpp */ = {isa = PBXFileReference; lastKnownFileType = sourcecode.cpp.cpp; path = ItemDetailsUI.cpp; sourceTree = "<group>"; };
		DDE2846522F61E1E00B280A7 /* ItemDetailsUI.hpp */ = {isa = PBXFileReference; lastKnownFileType = sourcecode.cpp.h; path = ItemDetailsUI.hpp; sourceTree = "<group>"; };
		DDE3DB7A229295F4004DA2B1 /* Persona.cpp */ = {isa = PBXFileReference; lastKnownFileType = sourcecode.cpp.cpp; path = Persona.cpp; sourceTree = "<group>"; };
		DDE3DB7B229295F4004DA2B1 /* Persona.hpp */ = {isa = PBXFileReference; lastKnownFileType = sourcecode.cpp.h; path = Persona.hpp; sourceTree = "<group>"; };
		DDE3DB7E2292979C004DA2B1 /* Item.cpp */ = {isa = PBXFileReference; lastKnownFileType = sourcecode.cpp.cpp; path = Item.cpp; sourceTree = "<group>"; };
		DDE3DB7F2292979C004DA2B1 /* Item.hpp */ = {isa = PBXFileReference; lastKnownFileType = sourcecode.cpp.h; path = Item.hpp; sourceTree = "<group>"; };
		DDE3DB82229297D4004DA2B1 /* Items.cpp */ = {isa = PBXFileReference; lastKnownFileType = sourcecode.cpp.cpp; path = Items.cpp; sourceTree = "<group>"; };
		DDE3DB83229297D4004DA2B1 /* Items.hpp */ = {isa = PBXFileReference; lastKnownFileType = sourcecode.cpp.h; path = Items.hpp; sourceTree = "<group>"; };
/* End PBXFileReference section */

/* Begin PBXFrameworksBuildPhase section */
		DDAB7465215D88050062F8B6 /* Frameworks */ = {
			isa = PBXFrameworksBuildPhase;
			buildActionMask = 2147483647;
			files = (
				DD15CD0E23F1F8EB00CC40C2 /* minEH.framework in Frameworks */,
			);
			runOnlyForDeploymentPostprocessing = 0;
		};
		DDAB7482215D88430062F8B6 /* Frameworks */ = {
			isa = PBXFrameworksBuildPhase;
			buildActionMask = 2147483647;
			files = (
				DDAB74C6215D8A5A0062F8B6 /* libbz2.tbd in Frameworks */,
				DDAB74C4215D8A4C0062F8B6 /* libz.tbd in Frameworks */,
				DDAB74C2215D8A3E0062F8B6 /* UIKit.framework in Frameworks */,
				DDAB74C0215D8A370062F8B6 /* OpenGLES.framework in Frameworks */,
				DDAB74BE215D8A310062F8B6 /* QuartzCore.framework in Frameworks */,
				DDAB74BC215D8A2B0062F8B6 /* Foundation.framework in Frameworks */,
				DDAB74BA215D8A250062F8B6 /* OpenAL.framework in Frameworks */,
				DDAB74B8215D8A1E0062F8B6 /* CoreMotion.framework in Frameworks */,
				DDAB74A9215D89DC0062F8B6 /* libsfml-system-s-d.a in Frameworks */,
				DD15CD0D23F1F8E500CC40C2 /* libminEH.iOS.a in Frameworks */,
				DDAB74AA215D89DC0062F8B6 /* libsfml-window-s-d.a in Frameworks */,
				DDAB74AB215D89DC0062F8B6 /* libsfml-graphics-s-d.a in Frameworks */,
				DDAB74AC215D89DC0062F8B6 /* libsfml-network-s-d.a in Frameworks */,
				DDAB74AD215D89DC0062F8B6 /* libsfml-audio-s-d.a in Frameworks */,
				DDAB74AE215D89DC0062F8B6 /* libsfml-main-d.a in Frameworks */,
				DDAB74B3215D8A110062F8B6 /* libvorbis.a in Frameworks */,
				DDAB74B4215D8A110062F8B6 /* libogg.a in Frameworks */,
				DDAB74B6215D8A110062F8B6 /* libflac.a in Frameworks */,
				DDAB74D7215D8EA80062F8B6 /* libfreetype.a in Frameworks */,
			);
			runOnlyForDeploymentPostprocessing = 0;
		};
/* End PBXFrameworksBuildPhase section */

/* Begin PBXGroup section */
		DD09433022FF2FB900FEF1AB /* Engine */ = {
			isa = PBXGroup;
			children = (
				DDE3DB7E2292979C004DA2B1 /* Item.cpp */,
				DDE3DB7F2292979C004DA2B1 /* Item.hpp */,
				DD20A35423FC845B005BEE4C /* Inventory.cpp */,
				DD20A35523FC845B005BEE4C /* Inventory.hpp */,
				DDE3DB7A229295F4004DA2B1 /* Persona.cpp */,
				DDE3DB7B229295F4004DA2B1 /* Persona.hpp */,
				DD09431022FE186800FEF1AB /* Activity.cpp */,
				DD09431122FE186800FEF1AB /* Activity.hpp */,
				DD09431822FE194500FEF1AB /* Condition.cpp */,
				DD09431922FE194500FEF1AB /* Condition.hpp */,
				DD09432022FE197F00FEF1AB /* Skill.cpp */,
				DD09432122FE197F00FEF1AB /* Skill.hpp */,
				DD09432822FEE51100FEF1AB /* Interest.cpp */,
				DD09432922FEE51100FEF1AB /* Interest.hpp */,
			);
			path = Engine;
			sourceTree = "<group>";
		};
		DD09433122FF2FC000FEF1AB /* Apartment */ = {
			isa = PBXGroup;
			children = (
				DD40883022F85C1400F6C2C5 /* RoomEntity.cpp */,
				DD40883122F85C1400F6C2C5 /* RoomEntity.hpp */,
				DDDB6602228F46D700E354CA /* NekoEntity.cpp */,
				DDDB6603228F46D700E354CA /* NekoEntity.hpp */,
				DD40882C22F858BB00F6C2C5 /* ItemEntity.cpp */,
				DD40882D22F858BB00F6C2C5 /* ItemEntity.hpp */,
				DD0943392300C33A00FEF1AB /* FurnitureEntity.cpp */,
				DD09433A2300C33A00FEF1AB /* FurnitureEntity.hpp */,
				DD5FC2DF23E71EA80018D336 /* ContainerEntity.cpp */,
				DD5FC2E023E71EA80018D336 /* ContainerEntity.hpp */,
				DDD2787D228FF62400EFDABB /* RoomLibrary.cpp */,
				DDD2787E228FF62400EFDABB /* RoomLibrary.hpp */,
				DDDB65FE228F46C700E354CA /* Apartment.cpp */,
				DDDB65FF228F46C700E354CA /* Apartment.hpp */,
			);
			path = Apartment;
			sourceTree = "<group>";
		};
		DD09433222FF2FD100FEF1AB /* Misc */ = {
			isa = PBXGroup;
			children = (
				DD3A6E102293396D00222FF5 /* OffsetHelper.cpp */,
				DD3A6E112293396D00222FF5 /* OffsetHelper.hpp */,
			);
			path = Misc;
			sourceTree = "<group>";
		};
		DD09433422FF303A00FEF1AB /* Database */ = {
			isa = PBXGroup;
			children = (
				DDE3DB82229297D4004DA2B1 /* Items.cpp */,
				DDE3DB83229297D4004DA2B1 /* Items.hpp */,
				DD09431422FE193300FEF1AB /* ActivityDB.cpp */,
				DD09431522FE193300FEF1AB /* ActivityDB.hpp */,
				DD09431C22FE195900FEF1AB /* ConditionDB.cpp */,
				DD09431D22FE195900FEF1AB /* ConditionDB.hpp */,
				DD09432422FE369800FEF1AB /* SkillDB.cpp */,
				DD09432522FE369800FEF1AB /* SkillDB.hpp */,
				DD09433522FF5A0800FEF1AB /* InterestsDB.cpp */,
				DD09433622FF5A0800FEF1AB /* InterestsDB.hpp */,
			);
			path = Database;
			sourceTree = "<group>";
		};
		DD0F525C2222A74B005C08D5 /* VNLightComponents */ = {
			isa = PBXGroup;
			children = (
				DD0F525D2222A767005C08D5 /* Novel.cpp */,
				DD0F525E2222A767005C08D5 /* Novel.hpp */,
				DD135B612295D228003BC870 /* CharacterLibrary.cpp */,
				DD135B622295D228003BC870 /* CharacterLibrary.hpp */,
				DD135B652295D23A003BC870 /* NovelCharacter.cpp */,
				DD135B662295D23A003BC870 /* NovelCharacter.hpp */,
				DD531DB62433EC8900D937AE /* Comp.cpp */,
				DD531DB72433EC8900D937AE /* Comp.hpp */,
			);
			path = VNLightComponents;
			sourceTree = "<group>";
		};
		DD15CD0523F1F8C200CC40C2 /* Products */ = {
			isa = PBXGroup;
			children = (
				DD15CD0A23F1F8C200CC40C2 /* minEH.framework */,
				DD15CD0C23F1F8C200CC40C2 /* libminEH.iOS.a */,
			);
			name = Products;
			sourceTree = "<group>";
		};
		DD189A0A23F1609C00D81302 /* NovelComponents */ = {
			isa = PBXGroup;
			children = (
				DD189A0B23F1609C00D81302 /* Abstract */,
				DD189A2823F1609C00D81302 /* Novel.hpp */,
				DD189A2123F1609C00D81302 /* Novel.cpp */,
				DD189A2423F1609C00D81302 /* NovelUpdate.cpp */,
				DD189A1E23F1609C00D81302 /* Audio.cpp */,
				DD189A2623F1609C00D81302 /* Audio.hpp */,
				DD189A2523F1609C00D81302 /* Background.cpp */,
				DD189A1F23F1609C00D81302 /* Background.hpp */,
				DD189A1D23F1609C00D81302 /* Character.cpp */,
				DD189A2323F1609C00D81302 /* Character.hpp */,
				DD7E7DF923F5C0D800BC8CDC /* Persona.cpp */,
				DD7E7DFA23F5C0D800BC8CDC /* Persona.hpp */,
				DD189A2223F1609C00D81302 /* Dialogue.cpp */,
				DD189A2923F1609C00D81302 /* Dialogue.hpp */,
				DD7E7DEC23F5BC5F00BC8CDC /* Choice.cpp */,
				DD7E7DED23F5BC5F00BC8CDC /* Choice.hpp */,
				DD189A1C23F1609C00D81302 /* Misc.cpp */,
				DD189A2A23F1609C00D81302 /* Misc.hpp */,
			);
			path = NovelComponents;
			sourceTree = "<group>";
		};
		DD189A0B23F1609C00D81302 /* Abstract */ = {
			isa = PBXGroup;
			children = (
				DD189A0D23F1609C00D81302 /* CharacterLibrary.cpp */,
				DD189A1B23F1609C00D81302 /* CharacterLibrary.hpp */,
				DD189A1A23F1609C00D81302 /* GamePause.cpp */,
				DD189A0C23F1609C00D81302 /* GamePause.hpp */,
				DD189A1223F1609C00D81302 /* Modes.cpp */,
				DD189A1823F1609C00D81302 /* Modes.hpp */,
			);
			path = Abstract;
			sourceTree = "<group>";
		};
		DD4EEF2523D3A09200CF30B3 /* Places */ = {
			isa = PBXGroup;
			children = (
				DD59163523DCF36400C5BE19 /* Jobs */,
				DD9F795E23DC331C00D0E10C /* Misc */,
				DD4EEF2623D3A0CE00CF30B3 /* Grocery */,
				DD4EEF4123D3C8D600CF30B3 /* PlacesInterfaceUI.cpp */,
				DD4EEF4223D3C8D600CF30B3 /* PlacesInterfaceUI.hpp */,
			);
			path = Places;
			sourceTree = "<group>";
		};
		DD4EEF2623D3A0CE00CF30B3 /* Grocery */ = {
			isa = PBXGroup;
			children = (
				DD4EEF2723D3A0DE00CF30B3 /* GroceryUI.cpp */,
				DD4EEF2823D3A0DE00CF30B3 /* GroceryUI.hpp */,
				DD684B4823E3670900A98368 /* ItemDetails.cpp */,
				DD684B4923E3670900A98368 /* ItemDetails.hpp */,
			);
			path = Grocery;
			sourceTree = "<group>";
		};
		DD59163523DCF36400C5BE19 /* Jobs */ = {
			isa = PBXGroup;
			children = (
				DD6D5EF823F7E871006F8F52 /* NekoPlace */,
				DD59163623DCF36900C5BE19 /* FNAF */,
			);
			path = Jobs;
			sourceTree = "<group>";
		};
		DD59163623DCF36900C5BE19 /* FNAF */ = {
			isa = PBXGroup;
			children = (
				DD59163723DFA53500C5BE19 /* FNAF.cpp */,
				DD59163823DFA53500C5BE19 /* FNAF.hpp */,
			);
			path = FNAF;
			sourceTree = "<group>";
		};
		DD5EADDE23040C4B00CA0361 /* Neko */ = {
			isa = PBXGroup;
			children = (
				DD5EADDF23040C7200CA0361 /* Static.cpp */,
				DD5EADE023040C7200CA0361 /* Static.hpp */,
				DD09432C22FF2F6100FEF1AB /* Personality.cpp */,
				DD09432D22FF2F6100FEF1AB /* Personality.hpp */,
				DD6D5EF123F7E17F006F8F52 /* Body.cpp */,
				DD6D5EF223F7E17F006F8F52 /* Body.hpp */,
				DD20A34923FC1C8E005BEE4C /* Brain.cpp */,
				DD20A34A23FC1C8E005BEE4C /* Brain.hpp */,
			);
			path = Neko;
			sourceTree = "<group>";
		};
		DD6D5EF823F7E871006F8F52 /* NekoPlace */ = {
			isa = PBXGroup;
			children = (
				DD6D5EFF23F7E90C006F8F52 /* AbilityBase.cpp */,
				DD6D5F0023F7E90C006F8F52 /* AbilityBase.hpp */,
				DD6D5EFB23F7E87F006F8F52 /* NekoBase.cpp */,
				DD6D5EFC23F7E87F006F8F52 /* NekoBase.hpp */,
				DD6D5F0323F7E990006F8F52 /* EventBase.cpp */,
				DD6D5F0423F7E990006F8F52 /* EventBase.hpp */,
				DD6D5F0723F7E9F3006F8F52 /* NekoLibrary.cpp */,
				DD6D5F0823F7E9F3006F8F52 /* NekoLibrary.hpp */,
				DD6D5F0F23F7EB2B006F8F52 /* AbilityDatabaseCollection.cpp */,
				DD6D5F1023F7EB2B006F8F52 /* AbilityDatabaseCollection.hpp */,
				DD6D5F1723F7EBA5006F8F52 /* NekoNinjaSettings.cpp */,
				DD6D5F1823F7EBA5006F8F52 /* NekoNinjaSettings.hpp */,
				DD6D5F1323F7EB43006F8F52 /* NekoDatabaseCollection.cpp */,
				DD6D5F1423F7EB43006F8F52 /* NekoDatabaseCollection.hpp */,
				DD6D5F0B23F7EAB7006F8F52 /* Player.cpp */,
				DD6D5F0C23F7EAB7006F8F52 /* Player.hpp */,
				DD6D5F2323F7ED2B006F8F52 /* EventDatabaseCollection.cpp */,
				DD6D5F2423F7ED2B006F8F52 /* EventDatabaseCollection.hpp */,
				DD6D5F1F23F7EC04006F8F52 /* GameplayEffects.cpp */,
				DD6D5F2023F7EC04006F8F52 /* GameplayEffects.hpp */,
				DD6D5F2723F7EDF6006F8F52 /* EventAlert.cpp */,
				DD6D5F2823F7EDF6006F8F52 /* EventAlert.hpp */,
				DD6D5F1B23F7EBC9006F8F52 /* NekoNinja.cpp */,
				DD6D5F1C23F7EBC9006F8F52 /* NekoNinja.hpp */,
			);
			path = NekoPlace;
			sourceTree = "<group>";
		};
		DD9F795E23DC331C00D0E10C /* Misc */ = {
			isa = PBXGroup;
			children = (
				DD9F795F23DC333000D0E10C /* StrangeShopkeeperUI.cpp */,
				DD9F796023DC333000D0E10C /* StrangeShopkeeperUI.hpp */,
			);
			path = Misc;
			sourceTree = "<group>";
		};
		DDAB745F215D88050062F8B6 = {
			isa = PBXGroup;
			children = (
				DDAB746B215D88050062F8B6 /* NekoUI */,
				DDAB7486215D88430062F8B6 /* iOS */,
				DDAB74C7215D8B950062F8B6 /* Resources */,
				DDAB746A215D88050062F8B6 /* Products */,
				DDAB74A2215D89DC0062F8B6 /* Frameworks */,
			);
			sourceTree = "<group>";
		};
		DDAB746A215D88050062F8B6 /* Products */ = {
			isa = PBXGroup;
			children = (
				DDAB7469215D88050062F8B6 /* NekoUI.app */,
				DDAB7485215D88430062F8B6 /* iOS.app */,
			);
			name = Products;
			sourceTree = "<group>";
		};
		DDAB746B215D88050062F8B6 /* NekoUI */ = {
			isa = PBXGroup;
			children = (
				DD87E10E237483F500083FB9 /* NekoUI.entitlements */,
				DDAB7471215D88050062F8B6 /* main.cpp */,
				DD59163223DC9F0300C5BE19 /* minEH.hpp */,
				DDE66FAE21FB1A890071145D /* Components */,
				DDAB746C215D88050062F8B6 /* Supporting Files */,
			);
			path = NekoUI;
			sourceTree = "<group>";
		};
		DDAB746C215D88050062F8B6 /* Supporting Files */ = {
			isa = PBXGroup;
			children = (
				DDAB746D215D88050062F8B6 /* NekoUI-Info.plist */,
			);
			name = "Supporting Files";
			sourceTree = "<group>";
		};
		DDAB7486215D88430062F8B6 /* iOS */ = {
			isa = PBXGroup;
			children = (
				DDAB7496215D88450062F8B6 /* Assets.xcassets */,
				DDAB749B215D88450062F8B6 /* Info.plist */,
				DD65CFD72200B0E400CBEF72 /* LaunchScreen.storyboard */,
			);
			path = iOS;
			sourceTree = "<group>";
		};
		DDAB74A2215D89DC0062F8B6 /* Frameworks */ = {
			isa = PBXGroup;
			children = (
				DD15CD0423F1F8C200CC40C2 /* minEH.xcodeproj */,
				DDAB74D6215D8EA80062F8B6 /* libfreetype.a */,
				DDAB74D4215D8D370062F8B6 /* libiconv.tbd */,
				DDAB74C5215D8A5A0062F8B6 /* libbz2.tbd */,
				DDAB74C3215D8A4C0062F8B6 /* libz.tbd */,
				DDAB74C1215D8A3E0062F8B6 /* UIKit.framework */,
				DDAB74BF215D8A370062F8B6 /* OpenGLES.framework */,
				DDAB74BD215D8A310062F8B6 /* QuartzCore.framework */,
				DDAB74BB215D8A2B0062F8B6 /* Foundation.framework */,
				DDAB74B9215D8A250062F8B6 /* OpenAL.framework */,
				DDAB74B7215D8A1E0062F8B6 /* CoreMotion.framework */,
				DDAB74B2215D8A110062F8B6 /* libflac.a */,
				DDAB74B1215D8A110062F8B6 /* libfreetype.a */,
				DDAB74B0215D8A110062F8B6 /* libogg.a */,
				DDAB74AF215D8A110062F8B6 /* libvorbis.a */,
				DDAB74A7215D89DC0062F8B6 /* libsfml-audio-s-d.a */,
				DDAB74A5215D89DC0062F8B6 /* libsfml-graphics-s-d.a */,
				DDAB74A8215D89DC0062F8B6 /* libsfml-main-d.a */,
				DDAB74A6215D89DC0062F8B6 /* libsfml-network-s-d.a */,
				DDAB74A3215D89DC0062F8B6 /* libsfml-system-s-d.a */,
				DDAB74A4215D89DC0062F8B6 /* libsfml-window-s-d.a */,
			);
			name = Frameworks;
			sourceTree = "<group>";
		};
		DDAB74C7215D8B950062F8B6 /* Resources */ = {
			isa = PBXGroup;
			children = (
				DDBCAD30222703B100D6A83A /* Data */,
			);
			path = Resources;
			sourceTree = "<group>";
		};
		DDDB65FD228F46A200E354CA /* NekoUIComponents */ = {
			isa = PBXGroup;
			children = (
				DD4EEF2523D3A09200CF30B3 /* Places */,
				DDDB6606228F46E000E354CA /* Interfaces */,
				DD09433022FF2FB900FEF1AB /* Engine */,
				DD5EADDE23040C4B00CA0361 /* Neko */,
				DD09433422FF303A00FEF1AB /* Database */,
				DD09433122FF2FC000FEF1AB /* Apartment */,
				DD09433222FF2FD100FEF1AB /* Misc */,
				DDDB660B228F509800E354CA /* Player.cpp */,
				DDDB660C228F509800E354CA /* Player.hpp */,
			);
			path = NekoUIComponents;
			sourceTree = "<group>";
		};
		DDDB6606228F46E000E354CA /* Interfaces */ = {
			isa = PBXGroup;
			children = (
				DD135B6D22974070003BC870 /* RoomUI.cpp */,
				DD135B6E22974070003BC870 /* RoomUI.hpp */,
				DDDB6607228F470400E354CA /* NekoInterfaceUI.cpp */,
				DDDB6608228F470400E354CA /* NekoInterfaceUI.hpp */,
				DD135B692296BFBB003BC870 /* JobInterfaceUI.cpp */,
				DD135B6A2296BFBB003BC870 /* JobInterfaceUI.hpp */,
				DD135B71229D45A3003BC870 /* InventoryUI.cpp */,
				DD135B72229D45A3003BC870 /* InventoryUI.hpp */,
				DDE0E6CD229D8CEB00991722 /* WardrobeUI.cpp */,
				DDE0E6CE229D8CEB00991722 /* WardrobeUI.hpp */,
				DDE0E6D1229DB6E600991722 /* CalendarUI.cpp */,
				DDE0E6D2229DB6E600991722 /* CalendarUI.hpp */,
				DDE0E6D5229DB97700991722 /* MapUI.cpp */,
				DDE0E6D6229DB97700991722 /* MapUI.hpp */,
				DDE2846422F61E1E00B280A7 /* ItemDetailsUI.cpp */,
				DDE2846522F61E1E00B280A7 /* ItemDetailsUI.hpp */,
				DD36346723F8A1E6001F7061 /* FlowchartUI.cpp */,
				DD36346823F8A1E6001F7061 /* FlowchartUI.hpp */,
			);
			path = Interfaces;
			sourceTree = "<group>";
		};
		DDE66FAE21FB1A890071145D /* Components */ = {
			isa = PBXGroup;
			children = (
				DD189A0A23F1609C00D81302 /* NovelComponents */,
				DD0F525C2222A74B005C08D5 /* VNLightComponents */,
				DDDB65FD228F46A200E354CA /* NekoUIComponents */,
			);
			path = Components;
			sourceTree = "<group>";
		};
/* End PBXGroup section */

/* Begin PBXNativeTarget section */
		DDAB7468215D88050062F8B6 /* NekoUI */ = {
			isa = PBXNativeTarget;
			buildConfigurationList = DDAB747E215D88050062F8B6 /* Build configuration list for PBXNativeTarget "NekoUI" */;
			buildPhases = (
				DDAB7464215D88050062F8B6 /* Sources */,
				DDAB7465215D88050062F8B6 /* Frameworks */,
				DDAB7466215D88050062F8B6 /* Resources */,
				DDAB7467215D88050062F8B6 /* Run Script */,
				DD15CD1023F1F8EB00CC40C2 /* Embed Frameworks */,
			);
			buildRules = (
			);
			dependencies = (
			);
			name = NekoUI;
			productName = "SFML-ios-test";
			productReference = DDAB7469215D88050062F8B6 /* NekoUI.app */;
			productType = "com.apple.product-type.application";
		};
		DDAB7484215D88430062F8B6 /* iOS */ = {
			isa = PBXNativeTarget;
			buildConfigurationList = DDAB749E215D88450062F8B6 /* Build configuration list for PBXNativeTarget "iOS" */;
			buildPhases = (
				DDAB7481215D88430062F8B6 /* Sources */,
				DDAB7482215D88430062F8B6 /* Frameworks */,
				DDAB7483215D88430062F8B6 /* Resources */,
			);
			buildRules = (
			);
			dependencies = (
			);
			name = iOS;
			productName = iOS;
			productReference = DDAB7485215D88430062F8B6 /* iOS.app */;
			productType = "com.apple.product-type.application";
		};
/* End PBXNativeTarget section */

/* Begin PBXProject section */
		DDAB7460215D88050062F8B6 /* Project object */ = {
			isa = PBXProject;
			attributes = {
				LastUpgradeCheck = 1000;
				ORGANIZATIONNAME = "Melancholy Hill";
				TargetAttributes = {
					DDAB7468215D88050062F8B6 = {
						CreatedOnToolsVersion = 10.0;
					};
					DDAB7484215D88430062F8B6 = {
						CreatedOnToolsVersion = 10.0;
					};
				};
			};
			buildConfigurationList = DDAB7463215D88050062F8B6 /* Build configuration list for PBXProject "NekoUI" */;
			compatibilityVersion = "Xcode 9.3";
			developmentRegion = en;
			hasScannedForEncodings = 0;
			knownRegions = (
				en,
				Base,
			);
			mainGroup = DDAB745F215D88050062F8B6;
			productRefGroup = DDAB746A215D88050062F8B6 /* Products */;
			projectDirPath = "";
			projectReferences = (
				{
					ProductGroup = DD15CD0523F1F8C200CC40C2 /* Products */;
					ProjectRef = DD15CD0423F1F8C200CC40C2 /* minEH.xcodeproj */;
				},
			);
			projectRoot = "";
			targets = (
				DDAB7468215D88050062F8B6 /* NekoUI */,
				DDAB7484215D88430062F8B6 /* iOS */,
			);
		};
/* End PBXProject section */

/* Begin PBXReferenceProxy section */
		DD15CD0A23F1F8C200CC40C2 /* minEH.framework */ = {
			isa = PBXReferenceProxy;
			fileType = wrapper.framework;
			path = minEH.framework;
			remoteRef = DD15CD0923F1F8C200CC40C2 /* PBXContainerItemProxy */;
			sourceTree = BUILT_PRODUCTS_DIR;
		};
		DD15CD0C23F1F8C200CC40C2 /* libminEH.iOS.a */ = {
			isa = PBXReferenceProxy;
			fileType = archive.ar;
			path = libminEH.iOS.a;
			remoteRef = DD15CD0B23F1F8C200CC40C2 /* PBXContainerItemProxy */;
			sourceTree = BUILT_PRODUCTS_DIR;
		};
/* End PBXReferenceProxy section */

/* Begin PBXResourcesBuildPhase section */
		DDAB7466215D88050062F8B6 /* Resources */ = {
			isa = PBXResourcesBuildPhase;
			buildActionMask = 2147483647;
			files = (
				DD27A47821FF43490012028E /* Assets.xcassets in Resources */,
				DDBCAD31222703B100D6A83A /* Data in Resources */,
			);
			runOnlyForDeploymentPostprocessing = 0;
		};
		DDAB7483215D88430062F8B6 /* Resources */ = {
			isa = PBXResourcesBuildPhase;
			buildActionMask = 2147483647;
			files = (
				DD3A6E142293601A00222FF5 /* Data in Resources */,
				DD65CFD82200B0E400CBEF72 /* LaunchScreen.storyboard in Resources */,
				DDAB7497215D88450062F8B6 /* Assets.xcassets in Resources */,
			);
			runOnlyForDeploymentPostprocessing = 0;
		};
/* End PBXResourcesBuildPhase section */

/* Begin PBXShellScriptBuildPhase section */
		DDAB7467215D88050062F8B6 /* Run Script */ = {
			isa = PBXShellScriptBuildPhase;
			buildActionMask = 2147483647;
			files = (
			);
			inputFileListPaths = (
			);
			inputPaths = (
			);
			name = "Run Script";
			outputFileListPaths = (
			);
			outputPaths = (
			);
			runOnlyForDeploymentPostprocessing = 0;
			shellPath = /bin/sh;
			shellScript = "# This shell script simply copies required SFML dylibs/frameworks into the application bundle frameworks folder.\n# If you're using static libraries (which is not recommended) you should remove this script from your project.\n\n# SETTINGS\nSFML_DEPENDENCIES_INSTALL_PREFIX=\"/Library/Frameworks\"\nCMAKE_INSTALL_FRAMEWORK_PREFIX=\"/Library/Frameworks\"\nCMAKE_INSTALL_LIB_PREFIX=\"/usr/local/lib\"\nFRAMEWORKS_FULL_PATH=\"$BUILT_PRODUCTS_DIR/$FRAMEWORKS_FOLDER_PATH/\"\n\n# Are we building a project that uses frameworks or dylibs?\ncase \"$SFML_BINARY_TYPE\" in\n    DYLIBS)\n        frameworks=\"false\"\n        ;;\n    *)\n        frameworks=\"true\"\n        ;;\nesac\n\n# Echoes to stderr\nerror () # $* message to display\n{\n    echo $* 1>&2\n    exit 2\n}\n\nassert () # $1 is a boolean, $2...N is an error message\n{\n    if [ $# -lt 2 ]\n    then\n        error \"Internal error in assert: not enough args\"\n    fi\n\n    if [ $1 -ne 0 ]\n    then\n        shift\n        error \"$*\"\n    fi\n}\n\nforce_remove () # $@ is some paths\n{\n    test $# -ge 1\n    assert $? \"force_remove() requires at least one parameter\"\n    rm -fr $@\n    assert $? \"couldn't remove $@\"\n}\n\ncopy () # $1 is a source, $2 is a destination\n{\n    test $# -eq 2\n    assert $? \"copy() requires two parameters\"\n    ditto \"$1\" \"$2\"\n    assert $? \"couldn't copy $1 to $2\"\n}\n\nrequire () # $1 is a SFML module like 'system' or 'audio'\n{\n    dest=\"$BUILT_PRODUCTS_DIR/$FRAMEWORKS_FOLDER_PATH/\"\n\n    if [ -z \"$1\" ]\n    then\n        error \"require() requires one parameter!\"\n    else\n        # clean potentially old stuff\n        force_remove \"$dest/libsfml-$1\"*\n        force_remove \"$dest/sfml-$1.framework\"\n\n        # copy SFML libraries\n        if [ \"$frameworks\" = \"true\" ]\n        then\n            source=\"$CMAKE_INSTALL_FRAMEWORK_PREFIX/sfml-$1.framework\"\n            target=\"sfml-$1.framework\"\n        elif [ \"$SFML_LINK_DYLIBS_SUFFIX\" = \"-d\" ]\n        then\n            source=\"$CMAKE_INSTALL_LIB_PREFIX/libsfml-$1-d.dylib\"\n            target=\"`readlink $source`\"\n        else\n            source=\"$CMAKE_INSTALL_LIB_PREFIX/libsfml-$1.dylib\"\n            target=\"`readlink $source`\"\n        fi\n\n        copy \"$source\" \"$dest/$target\"\n\n        # copy extra dependencies\n        if [ \"$1\" = \"audio\" ]\n        then\n            # copy \"FLAC\" \"ogg\" \"vorbis\" \"vorbisenc\" \"vorbisfile\" \"OpenAL\" frameworks too\n            for f in \"FLAC\" \"ogg\" \"vorbis\" \"vorbisenc\" \"vorbisfile\" \"OpenAL\"\n            do\n                copy \"$SFML_DEPENDENCIES_INSTALL_PREFIX/$f.framework\" \"$dest/$f.framework\"\n            done\n        elif [ \"$1\" = \"graphics\" ]\n        then\n            copy \"$SFML_DEPENDENCIES_INSTALL_PREFIX/freetype.framework\" \"$dest/freetype.framework\"\n        fi\n    fi\n}\n\nif [ -n \"$SFML_SYSTEM\" ]\nthen\n    require \"system\"\nfi\n\nif [ -n \"$SFML_AUDIO\" ]\nthen\n    require \"audio\"\nfi\n\nif [ -n \"$SFML_NETWORK\" ]\nthen\n    require \"network\"\nfi\n\nif [ -n \"$SFML_WINDOW\" ]\nthen\n    require \"window\"\nfi\n\nif [ -n \"$SFML_GRAPHICS\" ]\nthen\n    require \"graphics\"\nfi   \n";
		};
/* End PBXShellScriptBuildPhase section */

/* Begin PBXSourcesBuildPhase section */
		DDAB7464215D88050062F8B6 /* Sources */ = {
			isa = PBXSourcesBuildPhase;
			buildActionMask = 2147483647;
			files = (
				DDE2846622F61E1E00B280A7 /* ItemDetailsUI.cpp in Sources */,
				DD6D5F0123F7E90C006F8F52 /* AbilityBase.cpp in Sources */,
				DD3A6E122293396D00222FF5 /* OffsetHelper.cpp in Sources */,
				DD189A4323F1609C00D81302 /* Dialogue.cpp in Sources */,
				DD135B632295D228003BC870 /* CharacterLibrary.cpp in Sources */,
				DD189A4723F1609C00D81302 /* Background.cpp in Sources */,
				DD6D5EFD23F7E87F006F8F52 /* NekoBase.cpp in Sources */,
				DDE3DB84229297D4004DA2B1 /* Items.cpp in Sources */,
				DDE3DB802292979C004DA2B1 /* Item.cpp in Sources */,
				DD09432222FE197F00FEF1AB /* Skill.cpp in Sources */,
				DD135B73229D45A3003BC870 /* InventoryUI.cpp in Sources */,
				DD09432A22FEE51100FEF1AB /* Interest.cpp in Sources */,
				DD09431622FE193300FEF1AB /* ActivityDB.cpp in Sources */,
				DDDB660D228F509800E354CA /* Player.cpp in Sources */,
				DD7E7DEE23F5BC5F00BC8CDC /* Choice.cpp in Sources */,
				DD189A3923F1609C00D81302 /* GamePause.cpp in Sources */,
				DD09432622FE369800FEF1AB /* SkillDB.cpp in Sources */,
				DD189A3323F1609C00D81302 /* Modes.cpp in Sources */,
				DD09432E22FF2F6100FEF1AB /* Personality.cpp in Sources */,
				DD09431A22FE194500FEF1AB /* Condition.cpp in Sources */,
				DDDB6609228F470400E354CA /* NekoInterfaceUI.cpp in Sources */,
				DD0F525F2222A767005C08D5 /* Novel.cpp in Sources */,
				DD135B672295D23A003BC870 /* NovelCharacter.cpp in Sources */,
				DD09433B2300C33A00FEF1AB /* FurnitureEntity.cpp in Sources */,
				DD6D5F1923F7EBA5006F8F52 /* NekoNinjaSettings.cpp in Sources */,
				DD6D5F0523F7E990006F8F52 /* EventBase.cpp in Sources */,
				DD684B4A23E3670900A98368 /* ItemDetails.cpp in Sources */,
				DD40882E22F858BB00F6C2C5 /* ItemEntity.cpp in Sources */,
				DD6D5F1523F7EB43006F8F52 /* NekoDatabaseCollection.cpp in Sources */,
				DD59163923DFA53500C5BE19 /* FNAF.cpp in Sources */,
				DDDB6604228F46D700E354CA /* NekoEntity.cpp in Sources */,
				DD135B6B2296BFBB003BC870 /* JobInterfaceUI.cpp in Sources */,
				DD531DB82433EC8900D937AE /* Comp.cpp in Sources */,
				DD189A3F23F1609C00D81302 /* Audio.cpp in Sources */,
				DD09431222FE186800FEF1AB /* Activity.cpp in Sources */,
				DDE0E6D3229DB6E600991722 /* CalendarUI.cpp in Sources */,
				DD20A35623FC845B005BEE4C /* Inventory.cpp in Sources */,
				DDDB6600228F46C700E354CA /* Apartment.cpp in Sources */,
				DD6D5F0923F7E9F3006F8F52 /* NekoLibrary.cpp in Sources */,
				DD6D5F0D23F7EAB7006F8F52 /* Player.cpp in Sources */,
				DD189A3D23F1609C00D81302 /* Character.cpp in Sources */,
				DD189A4523F1609C00D81302 /* NovelUpdate.cpp in Sources */,
				DDAB7472215D88050062F8B6 /* main.cpp in Sources */,
				DDE0E6D7229DB97700991722 /* MapUI.cpp in Sources */,
				DD36346923F8A1E6001F7061 /* FlowchartUI.cpp in Sources */,
				DD6D5F2123F7EC04006F8F52 /* GameplayEffects.cpp in Sources */,
				DD189A2B23F1609C00D81302 /* CharacterLibrary.cpp in Sources */,
				DDD2787F228FF62400EFDABB /* RoomLibrary.cpp in Sources */,
				DDE0E6CF229D8CEB00991722 /* WardrobeUI.cpp in Sources */,
				DD4EEF2923D3A0DE00CF30B3 /* GroceryUI.cpp in Sources */,
				DD6D5F1D23F7EBC9006F8F52 /* NekoNinja.cpp in Sources */,
				DD6D5EF323F7E17F006F8F52 /* Body.cpp in Sources */,
				DD09433722FF5A0800FEF1AB /* InterestsDB.cpp in Sources */,
				DD5EADE123040C7200CA0361 /* Static.cpp in Sources */,
				DD40883222F85C1400F6C2C5 /* RoomEntity.cpp in Sources */,
				DD135B6F22974070003BC870 /* RoomUI.cpp in Sources */,
				DD4EEF4323D3C8D600CF30B3 /* PlacesInterfaceUI.cpp in Sources */,
				DD189A4123F1609C00D81302 /* Novel.cpp in Sources */,
				DD5FC2E123E71EA80018D336 /* ContainerEntity.cpp in Sources */,
				DD9F796123DC333000D0E10C /* StrangeShopkeeperUI.cpp in Sources */,
				DD6D5F2923F7EDF6006F8F52 /* EventAlert.cpp in Sources */,
				DD09431E22FE195900FEF1AB /* ConditionDB.cpp in Sources */,
				DD20A34B23FC1C8E005BEE4C /* Brain.cpp in Sources */,
				DD6D5F2523F7ED2B006F8F52 /* EventDatabaseCollection.cpp in Sources */,
				DDE3DB7C229295F4004DA2B1 /* Persona.cpp in Sources */,
				DD189A3B23F1609C00D81302 /* Misc.cpp in Sources */,
				DD7E7DFB23F5C0D800BC8CDC /* Persona.cpp in Sources */,
				DD6D5F1123F7EB2B006F8F52 /* AbilityDatabaseCollection.cpp in Sources */,
			);
			runOnlyForDeploymentPostprocessing = 0;
		};
		DDAB7481215D88430062F8B6 /* Sources */ = {
			isa = PBXSourcesBuildPhase;
			buildActionMask = 2147483647;
			files = (
				DDE2846722F61E1E00B280A7 /* ItemDetailsUI.cpp in Sources */,
				DD6D5F0223F7E90C006F8F52 /* AbilityBase.cpp in Sources */,
				DD3A6E132293396D00222FF5 /* OffsetHelper.cpp in Sources */,
				DD189A4423F1609C00D81302 /* Dialogue.cpp in Sources */,
				DD135B642295D228003BC870 /* CharacterLibrary.cpp in Sources */,
				DD189A4823F1609C00D81302 /* Background.cpp in Sources */,
				DD6D5EFE23F7E87F006F8F52 /* NekoBase.cpp in Sources */,
				DDE3DB85229297D4004DA2B1 /* Items.cpp in Sources */,
				DDE3DB812292979C004DA2B1 /* Item.cpp in Sources */,
				DD09432322FE197F00FEF1AB /* Skill.cpp in Sources */,
				DD135B74229D45A3003BC870 /* InventoryUI.cpp in Sources */,
				DD09432B22FEE51100FEF1AB /* Interest.cpp in Sources */,
				DD09431722FE193300FEF1AB /* ActivityDB.cpp in Sources */,
				DD189A3A23F1609C00D81302 /* GamePause.cpp in Sources */,
				DD7E7DEF23F5BC5F00BC8CDC /* Choice.cpp in Sources */,
				DDDB660E228F509800E354CA /* Player.cpp in Sources */,
				DD09432722FE369800FEF1AB /* SkillDB.cpp in Sources */,
				DD189A3423F1609C00D81302 /* Modes.cpp in Sources */,
				DD09432F22FF2F6100FEF1AB /* Personality.cpp in Sources */,
				DD09431B22FE194500FEF1AB /* Condition.cpp in Sources */,
				DDDB660A228F470400E354CA /* NekoInterfaceUI.cpp in Sources */,
				DD0F52602222A767005C08D5 /* Novel.cpp in Sources */,
				DD135B682295D23A003BC870 /* NovelCharacter.cpp in Sources */,
				DD684B4B23E3670900A98368 /* ItemDetails.cpp in Sources */,
				DD6D5F1A23F7EBA5006F8F52 /* NekoNinjaSettings.cpp in Sources */,
				DD6D5F0623F7E990006F8F52 /* EventBase.cpp in Sources */,
				DD09433C2300C33A00FEF1AB /* FurnitureEntity.cpp in Sources */,
				DD59163A23DFA53500C5BE19 /* FNAF.cpp in Sources */,
				DD6D5F1623F7EB43006F8F52 /* NekoDatabaseCollection.cpp in Sources */,
				DD40882F22F858BB00F6C2C5 /* ItemEntity.cpp in Sources */,
				DDDB6605228F46D700E354CA /* NekoEntity.cpp in Sources */,
				DD135B6C2296BFBB003BC870 /* JobInterfaceUI.cpp in Sources */,
				DD189A4023F1609C00D81302 /* Audio.cpp in Sources */,
				DD09431322FE186800FEF1AB /* Activity.cpp in Sources */,
				DDE0E6D4229DB6E600991722 /* CalendarUI.cpp in Sources */,
				DD20A35723FC845B005BEE4C /* Inventory.cpp in Sources */,
				DD189A3E23F1609C00D81302 /* Character.cpp in Sources */,
				DD6D5F0A23F7E9F3006F8F52 /* NekoLibrary.cpp in Sources */,
				DD6D5F0E23F7EAB7006F8F52 /* Player.cpp in Sources */,
				DDDB6601228F46C700E354CA /* Apartment.cpp in Sources */,
				DD189A4623F1609C00D81302 /* NovelUpdate.cpp in Sources */,
				DDE0E6D8229DB97700991722 /* MapUI.cpp in Sources */,
				DD189A2C23F1609C00D81302 /* CharacterLibrary.cpp in Sources */,
				DD36346A23F8A1E6001F7061 /* FlowchartUI.cpp in Sources */,
				DD6D5F2223F7EC04006F8F52 /* GameplayEffects.cpp in Sources */,
				DDAB74A1215D89CD0062F8B6 /* main.cpp in Sources */,
				DDD27880228FF62400EFDABB /* RoomLibrary.cpp in Sources */,
				DDE0E6D0229D8CEB00991722 /* WardrobeUI.cpp in Sources */,
				DD4EEF2A23D3A0DE00CF30B3 /* GroceryUI.cpp in Sources */,
				DD6D5F1E23F7EBC9006F8F52 /* NekoNinja.cpp in Sources */,
				DD6D5EF423F7E17F006F8F52 /* Body.cpp in Sources */,
				DD09433822FF5A0800FEF1AB /* InterestsDB.cpp in Sources */,
				DD5EADE223040C7200CA0361 /* Static.cpp in Sources */,
				DD40883322F85C1400F6C2C5 /* RoomEntity.cpp in Sources */,
				DD135B7022974070003BC870 /* RoomUI.cpp in Sources */,
				DD4EEF4423D3C8D600CF30B3 /* PlacesInterfaceUI.cpp in Sources */,
				DD189A4223F1609C00D81302 /* Novel.cpp in Sources */,
				DD5FC2E223E71EA80018D336 /* ContainerEntity.cpp in Sources */,
				DD9F796223DC333000D0E10C /* StrangeShopkeeperUI.cpp in Sources */,
				DD6D5F2A23F7EDF6006F8F52 /* EventAlert.cpp in Sources */,
				DD09431F22FE195900FEF1AB /* ConditionDB.cpp in Sources */,
				DD20A34C23FC1C8E005BEE4C /* Brain.cpp in Sources */,
				DD6D5F2623F7ED2B006F8F52 /* EventDatabaseCollection.cpp in Sources */,
				DDE3DB7D229295F4004DA2B1 /* Persona.cpp in Sources */,
				DD189A3C23F1609C00D81302 /* Misc.cpp in Sources */,
				DD7E7DFC23F5C0D800BC8CDC /* Persona.cpp in Sources */,
				DD6D5F1223F7EB2B006F8F52 /* AbilityDatabaseCollection.cpp in Sources */,
			);
			runOnlyForDeploymentPostprocessing = 0;
		};
/* End PBXSourcesBuildPhase section */

/* Begin XCBuildConfiguration section */
		DDAB747C215D88050062F8B6 /* Debug */ = {
			isa = XCBuildConfiguration;
			buildSettings = {
				ARCHS = (
					x86_64,
					arm64,
					armv7,
				);
				CLANG_CXX_LANGUAGE_STANDARD = "c++17";
				CLANG_CXX_LIBRARY = "libc++";
				GCC_VERSION = com.apple.compilers.llvm.clang.1_0;
				HEADER_SEARCH_PATHS = (
					/usr/local/include/,
					"$(inherited)",
					/Users/mayday/Developer/Libraries/SFML/include/,
					/Users/mayday/Developer/XCode/Framework/minEH,
				);
				LIBRARY_SEARCH_PATHS = (
					"$(inherited)",
					"/Users/mayday/Developer/Libraries/SFML/extlibs/libs-ios/",
					/Users/mayday/Developer/Libraries/SFML/build/ios/lib/Debug/,
				);
				MACOSX_DEPLOYMENT_TARGET = 10.7;
				OTHER_CODE_SIGN_FLAGS = "--deep";
				OTHER_LDFLAGS = (
					"$(inherited)",
					"$(SFML_SYSTEM)",
					"$(SFML_WINDOW)",
					"$(SFML_GRAPHICS)",
					"$(SFML_AUDIO)",
					"$(SFML_NETWORK)",
				);
				SFML_AUDIO = "";
				SFML_BINARY_TYPE = "";
				SFML_GRAPHICS = "";
				SFML_LINK_DYLIBS_PREFIX = "";
				SFML_LINK_DYLIBS_SUFFIX = "";
				SFML_LINK_FRAMEWORKS_PREFIX = "";
				SFML_LINK_FRAMEWORKS_SUFFIX = "";
				SFML_LINK_PREFIX = "$(SFML_LINK_$(SFML_BINARY_TYPE)_PREFIX)";
				SFML_LINK_SUFFIX = "$(SFML_LINK_$(SFML_BINARY_TYPE)_SUFFIX)";
				SFML_NETWORK = "";
				SFML_SYSTEM = "";
				SFML_WINDOW = "";
			};
			name = Debug;
		};
		DDAB747D215D88050062F8B6 /* Release */ = {
			isa = XCBuildConfiguration;
			buildSettings = {
				ARCHS = (
					x86_64,
					arm64,
					armv7,
				);
				CLANG_CXX_LANGUAGE_STANDARD = "c++17";
				CLANG_CXX_LIBRARY = "libc++";
				GCC_VERSION = com.apple.compilers.llvm.clang.1_0;
				HEADER_SEARCH_PATHS = (
					/usr/local/include/,
					"$(inherited)",
					/Users/mayday/Developer/Libraries/SFML/include/,
					/Users/mayday/Developer/XCode/Framework/minEH,
				);
				LIBRARY_SEARCH_PATHS = (
					"$(inherited)",
					"/Users/mayday/Developer/Libraries/SFML/extlibs/libs-ios/",
					/Users/mayday/Developer/Libraries/SFML/build/ios/lib/Debug/,
				);
				MACOSX_DEPLOYMENT_TARGET = 10.7;
				OTHER_CODE_SIGN_FLAGS = "--deep";
				OTHER_LDFLAGS = (
					"$(inherited)",
					"$(SFML_SYSTEM)",
					"$(SFML_WINDOW)",
					"$(SFML_GRAPHICS)",
					"$(SFML_AUDIO)",
					"$(SFML_NETWORK)",
				);
				SFML_AUDIO = "";
				SFML_BINARY_TYPE = "";
				SFML_GRAPHICS = "";
				SFML_LINK_DYLIBS_PREFIX = "";
				SFML_LINK_DYLIBS_SUFFIX = "";
				SFML_LINK_FRAMEWORKS_PREFIX = "";
				SFML_LINK_FRAMEWORKS_SUFFIX = "";
				SFML_LINK_PREFIX = "$(SFML_LINK_$(SFML_BINARY_TYPE)_PREFIX)";
				SFML_LINK_SUFFIX = "$(SFML_LINK_$(SFML_BINARY_TYPE)_SUFFIX)";
				SFML_NETWORK = "";
				SFML_SYSTEM = "";
				SFML_WINDOW = "";
			};
			name = Release;
		};
		DDAB747F215D88050062F8B6 /* Debug */ = {
			isa = XCBuildConfiguration;
			buildSettings = {
				ASSETCATALOG_COMPILER_APPICON_NAME = "AppIcon-3";
				CODE_SIGN_ENTITLEMENTS = NekoUI/NekoUI.entitlements;
				CODE_SIGN_IDENTITY = "Apple Development";
				CODE_SIGN_STYLE = Automatic;
				DEVELOPMENT_TEAM = A2VZ8FCF86;
				ENABLE_HARDENED_RUNTIME = YES;
				FRAMEWORK_SEARCH_PATHS = /Library/Frameworks/;
				INFOPLIST_FILE = "$(SRCROOT)/NekoUI/NekoUI-Info.plist";
				LD_RUNPATH_SEARCH_PATHS = (
					"@loader_path/../Frameworks",
					"@executable_path/../Frameworks",
				);
				PRODUCT_BUNDLE_IDENTIFIER = melancholyhill.NekoUI;
				PRODUCT_NAME = "$(TARGET_NAME)";
				PROVISIONING_PROFILE_SPECIFIER = "";
				SFML_AUDIO = "$(SFML_LINK_PREFIX) sfml-audio$(SFML_LINK_SUFFIX)";
				SFML_BINARY_TYPE = FRAMEWORKS;
				SFML_GRAPHICS = "$(SFML_LINK_PREFIX) sfml-graphics$(SFML_LINK_SUFFIX)";
				SFML_LINK_DYLIBS_PREFIX = "-l";
				SFML_LINK_FRAMEWORKS_PREFIX = "-framework";
				SFML_NETWORK = "$(SFML_LINK_PREFIX) sfml-network$(SFML_LINK_SUFFIX)";
				SFML_SYSTEM = "$(SFML_LINK_PREFIX) sfml-system$(SFML_LINK_SUFFIX)";
				SFML_WINDOW = "$(SFML_LINK_PREFIX) sfml-window$(SFML_LINK_SUFFIX)";
			};
			name = Debug;
		};
		DDAB7480215D88050062F8B6 /* Release */ = {
			isa = XCBuildConfiguration;
			buildSettings = {
				ASSETCATALOG_COMPILER_APPICON_NAME = "AppIcon-3";
				CODE_SIGN_ENTITLEMENTS = NekoUI/NekoUI.entitlements;
				CODE_SIGN_IDENTITY = "Apple Development";
				CODE_SIGN_STYLE = Automatic;
				DEVELOPMENT_TEAM = A2VZ8FCF86;
				ENABLE_HARDENED_RUNTIME = YES;
				FRAMEWORK_SEARCH_PATHS = /Library/Frameworks/;
				INFOPLIST_FILE = "$(SRCROOT)/NekoUI/NekoUI-Info.plist";
				LD_RUNPATH_SEARCH_PATHS = (
					"@loader_path/../Frameworks",
					"@executable_path/../Frameworks",
				);
				PRODUCT_BUNDLE_IDENTIFIER = melancholyhill.NekoUI;
				PRODUCT_NAME = "$(TARGET_NAME)";
				PROVISIONING_PROFILE_SPECIFIER = "";
				SFML_AUDIO = "$(SFML_LINK_PREFIX) sfml-audio$(SFML_LINK_SUFFIX)";
				SFML_BINARY_TYPE = FRAMEWORKS;
				SFML_GRAPHICS = "$(SFML_LINK_PREFIX) sfml-graphics$(SFML_LINK_SUFFIX)";
				SFML_LINK_DYLIBS_PREFIX = "-l";
				SFML_LINK_FRAMEWORKS_PREFIX = "-framework";
				SFML_NETWORK = "$(SFML_LINK_PREFIX) sfml-network$(SFML_LINK_SUFFIX)";
				SFML_SYSTEM = "$(SFML_LINK_PREFIX) sfml-system$(SFML_LINK_SUFFIX)";
				SFML_WINDOW = "$(SFML_LINK_PREFIX) sfml-window$(SFML_LINK_SUFFIX)";
			};
			name = Release;
		};
		DDAB749F215D88450062F8B6 /* Debug */ = {
			isa = XCBuildConfiguration;
			buildSettings = {
				ALWAYS_SEARCH_USER_PATHS = NO;
				ASSETCATALOG_COMPILER_APPICON_NAME = AppIcon;
				CLANG_ANALYZER_NONNULL = YES;
				CLANG_ANALYZER_NUMBER_OBJECT_CONVERSION = YES_AGGRESSIVE;
				CLANG_CXX_LANGUAGE_STANDARD = "c++17";
				CLANG_ENABLE_MODULES = YES;
				CLANG_ENABLE_OBJC_ARC = YES;
				CLANG_ENABLE_OBJC_WEAK = YES;
				CLANG_WARN_BLOCK_CAPTURE_AUTORELEASING = YES;
				CLANG_WARN_BOOL_CONVERSION = YES;
				CLANG_WARN_COMMA = YES;
				CLANG_WARN_CONSTANT_CONVERSION = YES;
				CLANG_WARN_DEPRECATED_OBJC_IMPLEMENTATIONS = YES;
				CLANG_WARN_DIRECT_OBJC_ISA_USAGE = YES_ERROR;
				CLANG_WARN_DOCUMENTATION_COMMENTS = YES;
				CLANG_WARN_EMPTY_BODY = YES;
				CLANG_WARN_ENUM_CONVERSION = YES;
				CLANG_WARN_INFINITE_RECURSION = YES;
				CLANG_WARN_INT_CONVERSION = YES;
				CLANG_WARN_NON_LITERAL_NULL_CONVERSION = YES;
				CLANG_WARN_OBJC_IMPLICIT_RETAIN_SELF = YES;
				CLANG_WARN_OBJC_LITERAL_CONVERSION = YES;
				CLANG_WARN_OBJC_ROOT_CLASS = YES_ERROR;
				CLANG_WARN_RANGE_LOOP_ANALYSIS = YES;
				CLANG_WARN_STRICT_PROTOTYPES = YES;
				CLANG_WARN_SUSPICIOUS_MOVE = YES;
				CLANG_WARN_UNGUARDED_AVAILABILITY = YES_AGGRESSIVE;
				CLANG_WARN_UNREACHABLE_CODE = YES;
				CLANG_WARN__DUPLICATE_METHOD_MATCH = YES;
				CODE_SIGN_IDENTITY = "iPhone Developer";
				CODE_SIGN_STYLE = Automatic;
				COPY_PHASE_STRIP = NO;
				DEBUG_INFORMATION_FORMAT = dwarf;
				DEVELOPMENT_TEAM = A2VZ8FCF86;
				ENABLE_STRICT_OBJC_MSGSEND = YES;
				ENABLE_TESTABILITY = YES;
				GCC_C_LANGUAGE_STANDARD = gnu11;
				GCC_DYNAMIC_NO_PIC = NO;
				GCC_NO_COMMON_BLOCKS = YES;
				GCC_OPTIMIZATION_LEVEL = 0;
				GCC_PREPROCESSOR_DEFINITIONS = (
					"DEBUG=1",
					"$(inherited)",
				);
				GCC_WARN_64_TO_32_BIT_CONVERSION = YES;
				GCC_WARN_ABOUT_RETURN_TYPE = YES_ERROR;
				GCC_WARN_UNDECLARED_SELECTOR = YES;
				GCC_WARN_UNINITIALIZED_AUTOS = YES_AGGRESSIVE;
				GCC_WARN_UNUSED_FUNCTION = YES;
				GCC_WARN_UNUSED_VARIABLE = YES;
				INFOPLIST_FILE = iOS/Info.plist;
				IPHONEOS_DEPLOYMENT_TARGET = 9.3;
				LD_RUNPATH_SEARCH_PATHS = (
					"$(inherited)",
					"@executable_path/Frameworks",
				);
				MTL_ENABLE_DEBUG_INFO = INCLUDE_SOURCE;
				MTL_FAST_MATH = YES;
				ONLY_ACTIVE_ARCH = YES;
				PRODUCT_BUNDLE_IDENTIFIER = melancholyhill.NekoUI;
				PRODUCT_NAME = "$(TARGET_NAME)";
				SDKROOT = iphoneos;
				TARGETED_DEVICE_FAMILY = "1,2";
			};
			name = Debug;
		};
		DDAB74A0215D88450062F8B6 /* Release */ = {
			isa = XCBuildConfiguration;
			buildSettings = {
				ALWAYS_SEARCH_USER_PATHS = NO;
				ASSETCATALOG_COMPILER_APPICON_NAME = AppIcon;
				CLANG_ANALYZER_NONNULL = YES;
				CLANG_ANALYZER_NUMBER_OBJECT_CONVERSION = YES_AGGRESSIVE;
				CLANG_CXX_LANGUAGE_STANDARD = "c++17";
				CLANG_ENABLE_MODULES = YES;
				CLANG_ENABLE_OBJC_ARC = YES;
				CLANG_ENABLE_OBJC_WEAK = YES;
				CLANG_WARN_BLOCK_CAPTURE_AUTORELEASING = YES;
				CLANG_WARN_BOOL_CONVERSION = YES;
				CLANG_WARN_COMMA = YES;
				CLANG_WARN_CONSTANT_CONVERSION = YES;
				CLANG_WARN_DEPRECATED_OBJC_IMPLEMENTATIONS = YES;
				CLANG_WARN_DIRECT_OBJC_ISA_USAGE = YES_ERROR;
				CLANG_WARN_DOCUMENTATION_COMMENTS = YES;
				CLANG_WARN_EMPTY_BODY = YES;
				CLANG_WARN_ENUM_CONVERSION = YES;
				CLANG_WARN_INFINITE_RECURSION = YES;
				CLANG_WARN_INT_CONVERSION = YES;
				CLANG_WARN_NON_LITERAL_NULL_CONVERSION = YES;
				CLANG_WARN_OBJC_IMPLICIT_RETAIN_SELF = YES;
				CLANG_WARN_OBJC_LITERAL_CONVERSION = YES;
				CLANG_WARN_OBJC_ROOT_CLASS = YES_ERROR;
				CLANG_WARN_RANGE_LOOP_ANALYSIS = YES;
				CLANG_WARN_STRICT_PROTOTYPES = YES;
				CLANG_WARN_SUSPICIOUS_MOVE = YES;
				CLANG_WARN_UNGUARDED_AVAILABILITY = YES_AGGRESSIVE;
				CLANG_WARN_UNREACHABLE_CODE = YES;
				CLANG_WARN__DUPLICATE_METHOD_MATCH = YES;
				CODE_SIGN_IDENTITY = "iPhone Developer";
				CODE_SIGN_STYLE = Automatic;
				COPY_PHASE_STRIP = NO;
				DEBUG_INFORMATION_FORMAT = "dwarf-with-dsym";
				DEVELOPMENT_TEAM = A2VZ8FCF86;
				ENABLE_NS_ASSERTIONS = NO;
				ENABLE_STRICT_OBJC_MSGSEND = YES;
				GCC_C_LANGUAGE_STANDARD = gnu11;
				GCC_NO_COMMON_BLOCKS = YES;
				GCC_WARN_64_TO_32_BIT_CONVERSION = YES;
				GCC_WARN_ABOUT_RETURN_TYPE = YES_ERROR;
				GCC_WARN_UNDECLARED_SELECTOR = YES;
				GCC_WARN_UNINITIALIZED_AUTOS = YES_AGGRESSIVE;
				GCC_WARN_UNUSED_FUNCTION = YES;
				GCC_WARN_UNUSED_VARIABLE = YES;
				INFOPLIST_FILE = iOS/Info.plist;
				IPHONEOS_DEPLOYMENT_TARGET = 9.3;
				LD_RUNPATH_SEARCH_PATHS = (
					"$(inherited)",
					"@executable_path/Frameworks",
				);
				MTL_ENABLE_DEBUG_INFO = NO;
				MTL_FAST_MATH = YES;
				PRODUCT_BUNDLE_IDENTIFIER = melancholyhill.NekoUI;
				PRODUCT_NAME = "$(TARGET_NAME)";
				SDKROOT = iphoneos;
				TARGETED_DEVICE_FAMILY = "1,2";
				VALIDATE_PRODUCT = YES;
			};
			name = Release;
		};
/* End XCBuildConfiguration section */

/* Begin XCConfigurationList section */
		DDAB7463215D88050062F8B6 /* Build configuration list for PBXProject "NekoUI" */ = {
			isa = XCConfigurationList;
			buildConfigurations = (
				DDAB747C215D88050062F8B6 /* Debug */,
				DDAB747D215D88050062F8B6 /* Release */,
			);
			defaultConfigurationIsVisible = 0;
			defaultConfigurationName = Release;
		};
		DDAB747E215D88050062F8B6 /* Build configuration list for PBXNativeTarget "NekoUI" */ = {
			isa = XCConfigurationList;
			buildConfigurations = (
				DDAB747F215D88050062F8B6 /* Debug */,
				DDAB7480215D88050062F8B6 /* Release */,
			);
			defaultConfigurationIsVisible = 0;
			defaultConfigurationName = Release;
		};
		DDAB749E215D88450062F8B6 /* Build configuration list for PBXNativeTarget "iOS" */ = {
			isa = XCConfigurationList;
			buildConfigurations = (
				DDAB749F215D88450062F8B6 /* Debug */,
				DDAB74A0215D88450062F8B6 /* Release */,
			);
			defaultConfigurationIsVisible = 0;
			defaultConfigurationName = Release;
		};
/* End XCConfigurationList section */
	};
	rootObject = DDAB7460215D88050062F8B6 /* Project object */;
}
